// !$*UTF8*$!
{
	archiveVersion = 1;
	classes = {
	};
	objectVersion = 46;
	objects = {

/* Begin PBXBuildFile section */
		A60F74261477206A007E1206 /* Calibration.cpp in Sources */ = {isa = PBXBuildFile; fileRef = A60F73F81477206A007E1206 /* Calibration.cpp */; };
		A60F74271477206A007E1206 /* ContourFinder.cpp in Sources */ = {isa = PBXBuildFile; fileRef = A60F73F91477206A007E1206 /* ContourFinder.cpp */; };
		A60F74281477206A007E1206 /* Distance.cpp in Sources */ = {isa = PBXBuildFile; fileRef = A60F73FA1477206A007E1206 /* Distance.cpp */; };
		A60F74291477206A007E1206 /* Helpers.cpp in Sources */ = {isa = PBXBuildFile; fileRef = A60F73FB1477206A007E1206 /* Helpers.cpp */; };
		A60F742A1477206A007E1206 /* RunningBackground.cpp in Sources */ = {isa = PBXBuildFile; fileRef = A60F73FC1477206A007E1206 /* RunningBackground.cpp */; };
		A60F742B1477206A007E1206 /* Tracker.cpp in Sources */ = {isa = PBXBuildFile; fileRef = A60F73FD1477206A007E1206 /* Tracker.cpp */; };
		A60F742C1477206A007E1206 /* Utilities.cpp in Sources */ = {isa = PBXBuildFile; fileRef = A60F73FE1477206A007E1206 /* Utilities.cpp */; };
		A60F742D1477206A007E1206 /* Wrappers.cpp in Sources */ = {isa = PBXBuildFile; fileRef = A60F73FF1477206A007E1206 /* Wrappers.cpp */; };
		A60F752F147721FC007E1206 /* ofxRGBDVideoDepthSequence.cpp in Sources */ = {isa = PBXBuildFile; fileRef = A60F752E147721FC007E1206 /* ofxRGBDVideoDepthSequence.cpp */; };
		A60F753E14772397007E1206 /* tinyxml.cpp in Sources */ = {isa = PBXBuildFile; fileRef = A60F753714772397007E1206 /* tinyxml.cpp */; };
		A60F753F14772397007E1206 /* tinyxmlerror.cpp in Sources */ = {isa = PBXBuildFile; fileRef = A60F753914772397007E1206 /* tinyxmlerror.cpp */; };
		A60F754014772397007E1206 /* tinyxmlparser.cpp in Sources */ = {isa = PBXBuildFile; fileRef = A60F753A14772397007E1206 /* tinyxmlparser.cpp */; };
		A60F754114772397007E1206 /* ofxXmlSettings.cpp in Sources */ = {isa = PBXBuildFile; fileRef = A60F753C14772397007E1206 /* ofxXmlSettings.cpp */; };
		A6477C7A149D679300908B2B /* ofxRGBDRenderer.cpp in Sources */ = {isa = PBXBuildFile; fileRef = A6477C78149D679300908B2B /* ofxRGBDRenderer.cpp */; };
		A6A4DC4E158A6BC200EC8AF3 /* ofxRGBDMeshBuilder.cpp in Sources */ = {isa = PBXBuildFile; fileRef = A6A4DC4C158A6BC200EC8AF3 /* ofxRGBDMeshBuilder.cpp */; };
		A6ECC6BD15300A820009D0D9 /* ofxDepthHoleFiller.cpp in Sources */ = {isa = PBXBuildFile; fileRef = A6ECC6BB15300A820009D0D9 /* ofxDepthHoleFiller.cpp */; };
		BBAB23CB13894F3D00AA2426 /* GLUT.framework in CopyFiles */ = {isa = PBXBuildFile; fileRef = BBAB23BE13894E4700AA2426 /* GLUT.framework */; };
		E4328149138ABC9F0047C5CB /* openFrameworksDebug.a in Frameworks */ = {isa = PBXBuildFile; fileRef = E4328148138ABC890047C5CB /* openFrameworksDebug.a */; };
		E45BE97B0E8CC7DD009D7055 /* AGL.framework in Frameworks */ = {isa = PBXBuildFile; fileRef = E45BE9710E8CC7DD009D7055 /* AGL.framework */; };
		E45BE97C0E8CC7DD009D7055 /* ApplicationServices.framework in Frameworks */ = {isa = PBXBuildFile; fileRef = E45BE9720E8CC7DD009D7055 /* ApplicationServices.framework */; };
		E45BE97D0E8CC7DD009D7055 /* AudioToolbox.framework in Frameworks */ = {isa = PBXBuildFile; fileRef = E45BE9730E8CC7DD009D7055 /* AudioToolbox.framework */; };
		E45BE97E0E8CC7DD009D7055 /* Carbon.framework in Frameworks */ = {isa = PBXBuildFile; fileRef = E45BE9740E8CC7DD009D7055 /* Carbon.framework */; };
		E45BE97F0E8CC7DD009D7055 /* CoreAudio.framework in Frameworks */ = {isa = PBXBuildFile; fileRef = E45BE9750E8CC7DD009D7055 /* CoreAudio.framework */; };
		E45BE9800E8CC7DD009D7055 /* CoreFoundation.framework in Frameworks */ = {isa = PBXBuildFile; fileRef = E45BE9760E8CC7DD009D7055 /* CoreFoundation.framework */; };
		E45BE9810E8CC7DD009D7055 /* CoreServices.framework in Frameworks */ = {isa = PBXBuildFile; fileRef = E45BE9770E8CC7DD009D7055 /* CoreServices.framework */; };
		E45BE9830E8CC7DD009D7055 /* OpenGL.framework in Frameworks */ = {isa = PBXBuildFile; fileRef = E45BE9790E8CC7DD009D7055 /* OpenGL.framework */; };
		E45BE9840E8CC7DD009D7055 /* QuickTime.framework in Frameworks */ = {isa = PBXBuildFile; fileRef = E45BE97A0E8CC7DD009D7055 /* QuickTime.framework */; };
		E4B69E200A3A1BDC003C02F2 /* main.cpp in Sources */ = {isa = PBXBuildFile; fileRef = E4B69E1D0A3A1BDC003C02F2 /* main.cpp */; };
		E4B69E210A3A1BDC003C02F2 /* testApp.cpp in Sources */ = {isa = PBXBuildFile; fileRef = E4B69E1E0A3A1BDC003C02F2 /* testApp.cpp */; };
		E4C2424710CC5A17004149E2 /* AppKit.framework in Frameworks */ = {isa = PBXBuildFile; fileRef = E4C2424410CC5A17004149E2 /* AppKit.framework */; };
		E4C2424810CC5A17004149E2 /* Cocoa.framework in Frameworks */ = {isa = PBXBuildFile; fileRef = E4C2424510CC5A17004149E2 /* Cocoa.framework */; };
		E4C2424910CC5A17004149E2 /* IOKit.framework in Frameworks */ = {isa = PBXBuildFile; fileRef = E4C2424610CC5A17004149E2 /* IOKit.framework */; };
		E4EB6799138ADC1D00A09F29 /* GLUT.framework in Frameworks */ = {isa = PBXBuildFile; fileRef = BBAB23BE13894E4700AA2426 /* GLUT.framework */; };
		E704A2CA147AACF9002064D0 /* ofxGameCamera.cpp in Sources */ = {isa = PBXBuildFile; fileRef = E704A2C6147AACF9002064D0 /* ofxGameCamera.cpp */; };
		E70ABE45154991CE00CF8802 /* opencv_calib3d.a in Frameworks */ = {isa = PBXBuildFile; fileRef = E70ABE38154991CE00CF8802 /* opencv_calib3d.a */; };
		E70ABE46154991CE00CF8802 /* opencv_contrib.a in Frameworks */ = {isa = PBXBuildFile; fileRef = E70ABE39154991CE00CF8802 /* opencv_contrib.a */; };
		E70ABE47154991CE00CF8802 /* opencv_core.a in Frameworks */ = {isa = PBXBuildFile; fileRef = E70ABE3A154991CE00CF8802 /* opencv_core.a */; };
		E70ABE48154991CE00CF8802 /* opencv_features2d.a in Frameworks */ = {isa = PBXBuildFile; fileRef = E70ABE3B154991CE00CF8802 /* opencv_features2d.a */; };
		E70ABE49154991CE00CF8802 /* opencv_flann.a in Frameworks */ = {isa = PBXBuildFile; fileRef = E70ABE3C154991CE00CF8802 /* opencv_flann.a */; };
		E70ABE4A154991CE00CF8802 /* opencv_gpu.a in Frameworks */ = {isa = PBXBuildFile; fileRef = E70ABE3D154991CE00CF8802 /* opencv_gpu.a */; };
		E70ABE4B154991CE00CF8802 /* opencv_haartraining_engine.a in Frameworks */ = {isa = PBXBuildFile; fileRef = E70ABE3E154991CE00CF8802 /* opencv_haartraining_engine.a */; };
		E70ABE4C154991CE00CF8802 /* opencv_highgui.a in Frameworks */ = {isa = PBXBuildFile; fileRef = E70ABE3F154991CE00CF8802 /* opencv_highgui.a */; };
		E70ABE4D154991CE00CF8802 /* opencv_imgproc.a in Frameworks */ = {isa = PBXBuildFile; fileRef = E70ABE40154991CE00CF8802 /* opencv_imgproc.a */; };
		E70ABE4E154991CE00CF8802 /* opencv_legacy.a in Frameworks */ = {isa = PBXBuildFile; fileRef = E70ABE41154991CE00CF8802 /* opencv_legacy.a */; };
		E70ABE4F154991CE00CF8802 /* opencv_ml.a in Frameworks */ = {isa = PBXBuildFile; fileRef = E70ABE42154991CE00CF8802 /* opencv_ml.a */; };
		E70ABE50154991CE00CF8802 /* opencv_objdetect.a in Frameworks */ = {isa = PBXBuildFile; fileRef = E70ABE43154991CE00CF8802 /* opencv_objdetect.a */; };
		E70ABE51154991CE00CF8802 /* opencv_video.a in Frameworks */ = {isa = PBXBuildFile; fileRef = E70ABE44154991CE00CF8802 /* opencv_video.a */; };
		E7121EE11549997400BA5A72 /* libz.dylib in Frameworks */ = {isa = PBXBuildFile; fileRef = E7121EE01549997400BA5A72 /* libz.dylib */; };
		E738E8EE153C735400BDA0F3 /* ofxDepthImageSequence.cpp in Sources */ = {isa = PBXBuildFile; fileRef = E738E8ED153C735400BDA0F3 /* ofxDepthImageSequence.cpp */; };
		E73BE0B314A3B784004FE0E5 /* ofxDepthImageCompressor.cpp in Sources */ = {isa = PBXBuildFile; fileRef = E73BE0B114A3B784004FE0E5 /* ofxDepthImageCompressor.cpp */; };
		E77796E81582F6550041CEAF /* ofxRGBDPlayer.cpp in Sources */ = {isa = PBXBuildFile; fileRef = E77796E71582F6550041CEAF /* ofxRGBDPlayer.cpp */; };
		E77C753215790ACA0016FA54 /* ofxRGBDScene.cpp in Sources */ = {isa = PBXBuildFile; fileRef = E77C753015790ACA0016FA54 /* ofxRGBDScene.cpp */; };
		E77C754215798B9B0016FA54 /* ofxBaseGui.cpp in Sources */ = {isa = PBXBuildFile; fileRef = E77C753715798B9B0016FA54 /* ofxBaseGui.cpp */; };
		E77C754315798B9B0016FA54 /* ofxButton.cpp in Sources */ = {isa = PBXBuildFile; fileRef = E77C753915798B9B0016FA54 /* ofxButton.cpp */; };
		E77C754415798B9B0016FA54 /* ofxPanel.cpp in Sources */ = {isa = PBXBuildFile; fileRef = E77C753C15798B9B0016FA54 /* ofxPanel.cpp */; };
		E77C754515798B9B0016FA54 /* ofxSlider.cpp in Sources */ = {isa = PBXBuildFile; fileRef = E77C753E15798B9B0016FA54 /* ofxSlider.cpp */; };
		E77C754615798B9B0016FA54 /* ofxToggle.cpp in Sources */ = {isa = PBXBuildFile; fileRef = E77C754015798B9B0016FA54 /* ofxToggle.cpp */; };
/* End PBXBuildFile section */

/* Begin PBXContainerItemProxy section */
		E4328147138ABC890047C5CB /* PBXContainerItemProxy */ = {
			isa = PBXContainerItemProxy;
			containerPortal = E4328143138ABC890047C5CB /* openFrameworksLib.xcodeproj */;
			proxyType = 2;
			remoteGlobalIDString = E4B27C1510CBEB8E00536013;
			remoteInfo = openFrameworks;
		};
		E4EEB9AB138B136A00A80321 /* PBXContainerItemProxy */ = {
			isa = PBXContainerItemProxy;
			containerPortal = E4328143138ABC890047C5CB /* openFrameworksLib.xcodeproj */;
			proxyType = 1;
			remoteGlobalIDString = E4B27C1410CBEB8E00536013;
			remoteInfo = openFrameworks;
		};
/* End PBXContainerItemProxy section */

/* Begin PBXCopyFilesBuildPhase section */
		E4C2427710CC5ABF004149E2 /* CopyFiles */ = {
			isa = PBXCopyFilesBuildPhase;
			buildActionMask = 2147483647;
			dstPath = "";
			dstSubfolderSpec = 10;
			files = (
				BBAB23CB13894F3D00AA2426 /* GLUT.framework in CopyFiles */,
			);
			runOnlyForDeploymentPostprocessing = 0;
		};
/* End PBXCopyFilesBuildPhase section */

/* Begin PBXFileReference section */
		A60F73EF1477206A007E1206 /* Calibration.h */ = {isa = PBXFileReference; fileEncoding = 4; lastKnownFileType = sourcecode.c.h; path = Calibration.h; sourceTree = "<group>"; };
		A60F73F01477206A007E1206 /* ContourFinder.h */ = {isa = PBXFileReference; fileEncoding = 4; lastKnownFileType = sourcecode.c.h; path = ContourFinder.h; sourceTree = "<group>"; };
		A60F73F11477206A007E1206 /* Distance.h */ = {isa = PBXFileReference; fileEncoding = 4; lastKnownFileType = sourcecode.c.h; path = Distance.h; sourceTree = "<group>"; };
		A60F73F21477206A007E1206 /* Helpers.h */ = {isa = PBXFileReference; fileEncoding = 4; lastKnownFileType = sourcecode.c.h; path = Helpers.h; sourceTree = "<group>"; };
		A60F73F31477206A007E1206 /* RunningBackground.h */ = {isa = PBXFileReference; fileEncoding = 4; lastKnownFileType = sourcecode.c.h; path = RunningBackground.h; sourceTree = "<group>"; };
		A60F73F41477206A007E1206 /* Tracker.h */ = {isa = PBXFileReference; fileEncoding = 4; lastKnownFileType = sourcecode.c.h; path = Tracker.h; sourceTree = "<group>"; };
		A60F73F51477206A007E1206 /* Utilities.h */ = {isa = PBXFileReference; fileEncoding = 4; lastKnownFileType = sourcecode.c.h; path = Utilities.h; sourceTree = "<group>"; };
		A60F73F61477206A007E1206 /* Wrappers.h */ = {isa = PBXFileReference; fileEncoding = 4; lastKnownFileType = sourcecode.c.h; path = Wrappers.h; sourceTree = "<group>"; };
		A60F73F81477206A007E1206 /* Calibration.cpp */ = {isa = PBXFileReference; fileEncoding = 4; lastKnownFileType = sourcecode.cpp.cpp; path = Calibration.cpp; sourceTree = "<group>"; };
		A60F73F91477206A007E1206 /* ContourFinder.cpp */ = {isa = PBXFileReference; fileEncoding = 4; lastKnownFileType = sourcecode.cpp.cpp; path = ContourFinder.cpp; sourceTree = "<group>"; };
		A60F73FA1477206A007E1206 /* Distance.cpp */ = {isa = PBXFileReference; fileEncoding = 4; lastKnownFileType = sourcecode.cpp.cpp; path = Distance.cpp; sourceTree = "<group>"; };
		A60F73FB1477206A007E1206 /* Helpers.cpp */ = {isa = PBXFileReference; fileEncoding = 4; lastKnownFileType = sourcecode.cpp.cpp; path = Helpers.cpp; sourceTree = "<group>"; };
		A60F73FC1477206A007E1206 /* RunningBackground.cpp */ = {isa = PBXFileReference; fileEncoding = 4; lastKnownFileType = sourcecode.cpp.cpp; path = RunningBackground.cpp; sourceTree = "<group>"; };
		A60F73FD1477206A007E1206 /* Tracker.cpp */ = {isa = PBXFileReference; fileEncoding = 4; lastKnownFileType = sourcecode.cpp.cpp; path = Tracker.cpp; sourceTree = "<group>"; };
		A60F73FE1477206A007E1206 /* Utilities.cpp */ = {isa = PBXFileReference; fileEncoding = 4; lastKnownFileType = sourcecode.cpp.cpp; path = Utilities.cpp; sourceTree = "<group>"; };
		A60F73FF1477206A007E1206 /* Wrappers.cpp */ = {isa = PBXFileReference; fileEncoding = 4; lastKnownFileType = sourcecode.cpp.cpp; path = Wrappers.cpp; sourceTree = "<group>"; };
		A60F74001477206A007E1206 /* readme.md */ = {isa = PBXFileReference; fileEncoding = 4; lastKnownFileType = text; path = readme.md; sourceTree = "<group>"; };
		A60F74021477206A007E1206 /* ofxCv.h */ = {isa = PBXFileReference; fileEncoding = 4; lastKnownFileType = sourcecode.c.h; path = ofxCv.h; sourceTree = "<group>"; };
		A60F752D147721FC007E1206 /* ofxRGBDVideoDepthSequence.h */ = {isa = PBXFileReference; fileEncoding = 4; lastKnownFileType = sourcecode.c.h; path = ofxRGBDVideoDepthSequence.h; sourceTree = "<group>"; };
		A60F752E147721FC007E1206 /* ofxRGBDVideoDepthSequence.cpp */ = {isa = PBXFileReference; fileEncoding = 4; lastKnownFileType = sourcecode.cpp.cpp; path = ofxRGBDVideoDepthSequence.cpp; sourceTree = "<group>"; };
		A60F753714772397007E1206 /* tinyxml.cpp */ = {isa = PBXFileReference; fileEncoding = 4; lastKnownFileType = sourcecode.cpp.cpp; path = tinyxml.cpp; sourceTree = "<group>"; };
		A60F753814772397007E1206 /* tinyxml.h */ = {isa = PBXFileReference; fileEncoding = 4; lastKnownFileType = sourcecode.c.h; path = tinyxml.h; sourceTree = "<group>"; };
		A60F753914772397007E1206 /* tinyxmlerror.cpp */ = {isa = PBXFileReference; fileEncoding = 4; lastKnownFileType = sourcecode.cpp.cpp; path = tinyxmlerror.cpp; sourceTree = "<group>"; };
		A60F753A14772397007E1206 /* tinyxmlparser.cpp */ = {isa = PBXFileReference; fileEncoding = 4; lastKnownFileType = sourcecode.cpp.cpp; path = tinyxmlparser.cpp; sourceTree = "<group>"; };
		A60F753C14772397007E1206 /* ofxXmlSettings.cpp */ = {isa = PBXFileReference; fileEncoding = 4; lastKnownFileType = sourcecode.cpp.cpp; path = ofxXmlSettings.cpp; sourceTree = "<group>"; };
		A60F753D14772397007E1206 /* ofxXmlSettings.h */ = {isa = PBXFileReference; fileEncoding = 4; lastKnownFileType = sourcecode.c.h; path = ofxXmlSettings.h; sourceTree = "<group>"; };
		A6477C78149D679300908B2B /* ofxRGBDRenderer.cpp */ = {isa = PBXFileReference; fileEncoding = 4; lastKnownFileType = sourcecode.cpp.cpp; path = ofxRGBDRenderer.cpp; sourceTree = "<group>"; };
		A6477C79149D679300908B2B /* ofxRGBDRenderer.h */ = {isa = PBXFileReference; fileEncoding = 4; lastKnownFileType = sourcecode.c.h; path = ofxRGBDRenderer.h; sourceTree = "<group>"; };
		A6A4DC4C158A6BC200EC8AF3 /* ofxRGBDMeshBuilder.cpp */ = {isa = PBXFileReference; fileEncoding = 4; lastKnownFileType = sourcecode.cpp.cpp; path = ofxRGBDMeshBuilder.cpp; sourceTree = "<group>"; };
		A6A4DC4D158A6BC200EC8AF3 /* ofxRGBDMeshBuilder.h */ = {isa = PBXFileReference; fileEncoding = 4; lastKnownFileType = sourcecode.c.h; path = ofxRGBDMeshBuilder.h; sourceTree = "<group>"; };
		A6ECC6BB15300A820009D0D9 /* ofxDepthHoleFiller.cpp */ = {isa = PBXFileReference; fileEncoding = 4; lastKnownFileType = sourcecode.cpp.cpp; path = ofxDepthHoleFiller.cpp; sourceTree = "<group>"; };
		A6ECC6BC15300A820009D0D9 /* ofxDepthHoleFiller.h */ = {isa = PBXFileReference; fileEncoding = 4; lastKnownFileType = sourcecode.c.h; path = ofxDepthHoleFiller.h; sourceTree = "<group>"; };
		BBAB23BE13894E4700AA2426 /* GLUT.framework */ = {isa = PBXFileReference; lastKnownFileType = wrapper.framework; name = GLUT.framework; path = ../../../libs/glut/lib/osx/GLUT.framework; sourceTree = "<group>"; };
		E4328143138ABC890047C5CB /* openFrameworksLib.xcodeproj */ = {isa = PBXFileReference; lastKnownFileType = "wrapper.pb-project"; name = openFrameworksLib.xcodeproj; path = ../../../libs/openFrameworksCompiled/project/osx/openFrameworksLib.xcodeproj; sourceTree = SOURCE_ROOT; };
		E45BE9710E8CC7DD009D7055 /* AGL.framework */ = {isa = PBXFileReference; lastKnownFileType = wrapper.framework; name = AGL.framework; path = /System/Library/Frameworks/AGL.framework; sourceTree = "<absolute>"; };
		E45BE9720E8CC7DD009D7055 /* ApplicationServices.framework */ = {isa = PBXFileReference; lastKnownFileType = wrapper.framework; name = ApplicationServices.framework; path = /System/Library/Frameworks/ApplicationServices.framework; sourceTree = "<absolute>"; };
		E45BE9730E8CC7DD009D7055 /* AudioToolbox.framework */ = {isa = PBXFileReference; lastKnownFileType = wrapper.framework; name = AudioToolbox.framework; path = /System/Library/Frameworks/AudioToolbox.framework; sourceTree = "<absolute>"; };
		E45BE9740E8CC7DD009D7055 /* Carbon.framework */ = {isa = PBXFileReference; lastKnownFileType = wrapper.framework; name = Carbon.framework; path = /System/Library/Frameworks/Carbon.framework; sourceTree = "<absolute>"; };
		E45BE9750E8CC7DD009D7055 /* CoreAudio.framework */ = {isa = PBXFileReference; lastKnownFileType = wrapper.framework; name = CoreAudio.framework; path = /System/Library/Frameworks/CoreAudio.framework; sourceTree = "<absolute>"; };
		E45BE9760E8CC7DD009D7055 /* CoreFoundation.framework */ = {isa = PBXFileReference; lastKnownFileType = wrapper.framework; name = CoreFoundation.framework; path = /System/Library/Frameworks/CoreFoundation.framework; sourceTree = "<absolute>"; };
		E45BE9770E8CC7DD009D7055 /* CoreServices.framework */ = {isa = PBXFileReference; lastKnownFileType = wrapper.framework; name = CoreServices.framework; path = /System/Library/Frameworks/CoreServices.framework; sourceTree = "<absolute>"; };
		E45BE9790E8CC7DD009D7055 /* OpenGL.framework */ = {isa = PBXFileReference; lastKnownFileType = wrapper.framework; name = OpenGL.framework; path = /System/Library/Frameworks/OpenGL.framework; sourceTree = "<absolute>"; };
		E45BE97A0E8CC7DD009D7055 /* QuickTime.framework */ = {isa = PBXFileReference; lastKnownFileType = wrapper.framework; name = QuickTime.framework; path = /System/Library/Frameworks/QuickTime.framework; sourceTree = "<absolute>"; };
		E4B69B5B0A3A1756003C02F2 /* example-meshBuilderDebug.app */ = {isa = PBXFileReference; explicitFileType = wrapper.application; includeInIndex = 0; path = "example-meshBuilderDebug.app"; sourceTree = BUILT_PRODUCTS_DIR; };
		E4B69E1D0A3A1BDC003C02F2 /* main.cpp */ = {isa = PBXFileReference; fileEncoding = 30; lastKnownFileType = sourcecode.cpp.cpp; name = main.cpp; path = src/main.cpp; sourceTree = SOURCE_ROOT; };
		E4B69E1E0A3A1BDC003C02F2 /* testApp.cpp */ = {isa = PBXFileReference; explicitFileType = sourcecode.cpp.cpp; fileEncoding = 30; name = testApp.cpp; path = src/testApp.cpp; sourceTree = SOURCE_ROOT; };
		E4B69E1F0A3A1BDC003C02F2 /* testApp.h */ = {isa = PBXFileReference; fileEncoding = 30; lastKnownFileType = sourcecode.c.h; name = testApp.h; path = src/testApp.h; sourceTree = SOURCE_ROOT; };
		E4B6FCAD0C3E899E008CF71C /* openFrameworks-Info.plist */ = {isa = PBXFileReference; fileEncoding = 30; lastKnownFileType = text.plist.xml; path = "openFrameworks-Info.plist"; sourceTree = "<group>"; };
		E4C2424410CC5A17004149E2 /* AppKit.framework */ = {isa = PBXFileReference; lastKnownFileType = wrapper.framework; name = AppKit.framework; path = /System/Library/Frameworks/AppKit.framework; sourceTree = "<absolute>"; };
		E4C2424510CC5A17004149E2 /* Cocoa.framework */ = {isa = PBXFileReference; lastKnownFileType = wrapper.framework; name = Cocoa.framework; path = /System/Library/Frameworks/Cocoa.framework; sourceTree = "<absolute>"; };
		E4C2424610CC5A17004149E2 /* IOKit.framework */ = {isa = PBXFileReference; lastKnownFileType = wrapper.framework; name = IOKit.framework; path = /System/Library/Frameworks/IOKit.framework; sourceTree = "<absolute>"; };
		E4EB691F138AFCF100A09F29 /* CoreOF.xcconfig */ = {isa = PBXFileReference; fileEncoding = 4; lastKnownFileType = text.xcconfig; name = CoreOF.xcconfig; path = ../../../libs/openFrameworksCompiled/project/osx/CoreOF.xcconfig; sourceTree = SOURCE_ROOT; };
		E4EB6923138AFD0F00A09F29 /* Project.xcconfig */ = {isa = PBXFileReference; fileEncoding = 4; lastKnownFileType = text.xcconfig; path = Project.xcconfig; sourceTree = "<group>"; };
		E704A2C6147AACF9002064D0 /* ofxGameCamera.cpp */ = {isa = PBXFileReference; fileEncoding = 4; lastKnownFileType = sourcecode.cpp.cpp; path = ofxGameCamera.cpp; sourceTree = "<group>"; };
		E704A2C7147AACF9002064D0 /* ofxGameCamera.h */ = {isa = PBXFileReference; fileEncoding = 4; lastKnownFileType = sourcecode.c.h; path = ofxGameCamera.h; sourceTree = "<group>"; };
		E70ABDD9154991CE00CF8802 /* cv.h */ = {isa = PBXFileReference; fileEncoding = 4; lastKnownFileType = sourcecode.c.h; path = cv.h; sourceTree = "<group>"; };
		E70ABDDA154991CE00CF8802 /* cv.hpp */ = {isa = PBXFileReference; fileEncoding = 4; lastKnownFileType = sourcecode.cpp.h; path = cv.hpp; sourceTree = "<group>"; };
		E70ABDDB154991CE00CF8802 /* cvaux.h */ = {isa = PBXFileReference; fileEncoding = 4; lastKnownFileType = sourcecode.c.h; path = cvaux.h; sourceTree = "<group>"; };
		E70ABDDC154991CE00CF8802 /* cvaux.hpp */ = {isa = PBXFileReference; fileEncoding = 4; lastKnownFileType = sourcecode.cpp.h; path = cvaux.hpp; sourceTree = "<group>"; };
		E70ABDDD154991CE00CF8802 /* cvwimage.h */ = {isa = PBXFileReference; fileEncoding = 4; lastKnownFileType = sourcecode.c.h; path = cvwimage.h; sourceTree = "<group>"; };
		E70ABDDE154991CE00CF8802 /* cxcore.h */ = {isa = PBXFileReference; fileEncoding = 4; lastKnownFileType = sourcecode.c.h; path = cxcore.h; sourceTree = "<group>"; };
		E70ABDDF154991CE00CF8802 /* cxcore.hpp */ = {isa = PBXFileReference; fileEncoding = 4; lastKnownFileType = sourcecode.cpp.h; path = cxcore.hpp; sourceTree = "<group>"; };
		E70ABDE0154991CE00CF8802 /* cxeigen.hpp */ = {isa = PBXFileReference; fileEncoding = 4; lastKnownFileType = sourcecode.cpp.h; path = cxeigen.hpp; sourceTree = "<group>"; };
		E70ABDE1154991CE00CF8802 /* cxmisc.h */ = {isa = PBXFileReference; fileEncoding = 4; lastKnownFileType = sourcecode.c.h; path = cxmisc.h; sourceTree = "<group>"; };
		E70ABDE2154991CE00CF8802 /* highgui.h */ = {isa = PBXFileReference; fileEncoding = 4; lastKnownFileType = sourcecode.c.h; path = highgui.h; sourceTree = "<group>"; };
		E70ABDE3154991CE00CF8802 /* ml.h */ = {isa = PBXFileReference; fileEncoding = 4; lastKnownFileType = sourcecode.c.h; path = ml.h; sourceTree = "<group>"; };
		E70ABDE6154991CE00CF8802 /* calib3d.hpp */ = {isa = PBXFileReference; fileEncoding = 4; lastKnownFileType = sourcecode.cpp.h; path = calib3d.hpp; sourceTree = "<group>"; };
		E70ABDE8154991CE00CF8802 /* contrib.hpp */ = {isa = PBXFileReference; fileEncoding = 4; lastKnownFileType = sourcecode.cpp.h; path = contrib.hpp; sourceTree = "<group>"; };
		E70ABDE9154991CE00CF8802 /* retina.hpp */ = {isa = PBXFileReference; fileEncoding = 4; lastKnownFileType = sourcecode.cpp.h; path = retina.hpp; sourceTree = "<group>"; };
		E70ABDEB154991CE00CF8802 /* core.hpp */ = {isa = PBXFileReference; fileEncoding = 4; lastKnownFileType = sourcecode.cpp.h; path = core.hpp; sourceTree = "<group>"; };
		E70ABDEC154991CE00CF8802 /* core_c.h */ = {isa = PBXFileReference; fileEncoding = 4; lastKnownFileType = sourcecode.c.h; path = core_c.h; sourceTree = "<group>"; };
		E70ABDED154991CE00CF8802 /* eigen.hpp */ = {isa = PBXFileReference; fileEncoding = 4; lastKnownFileType = sourcecode.cpp.h; path = eigen.hpp; sourceTree = "<group>"; };
		E70ABDEE154991CE00CF8802 /* internal.hpp */ = {isa = PBXFileReference; fileEncoding = 4; lastKnownFileType = sourcecode.cpp.h; path = internal.hpp; sourceTree = "<group>"; };
		E70ABDEF154991CE00CF8802 /* mat.hpp */ = {isa = PBXFileReference; fileEncoding = 4; lastKnownFileType = sourcecode.cpp.h; path = mat.hpp; sourceTree = "<group>"; };
		E70ABDF0154991CE00CF8802 /* operations.hpp */ = {isa = PBXFileReference; fileEncoding = 4; lastKnownFileType = sourcecode.cpp.h; path = operations.hpp; sourceTree = "<group>"; };
		E70ABDF1154991CE00CF8802 /* types_c.h */ = {isa = PBXFileReference; fileEncoding = 4; lastKnownFileType = sourcecode.c.h; path = types_c.h; sourceTree = "<group>"; };
		E70ABDF2154991CE00CF8802 /* version.hpp */ = {isa = PBXFileReference; fileEncoding = 4; lastKnownFileType = sourcecode.cpp.h; path = version.hpp; sourceTree = "<group>"; };
		E70ABDF3154991CE00CF8802 /* wimage.hpp */ = {isa = PBXFileReference; fileEncoding = 4; lastKnownFileType = sourcecode.cpp.h; path = wimage.hpp; sourceTree = "<group>"; };
		E70ABDF5154991CE00CF8802 /* features2d.hpp */ = {isa = PBXFileReference; fileEncoding = 4; lastKnownFileType = sourcecode.cpp.h; path = features2d.hpp; sourceTree = "<group>"; };
		E70ABDF7154991CE00CF8802 /* all_indices.h */ = {isa = PBXFileReference; fileEncoding = 4; lastKnownFileType = sourcecode.c.h; path = all_indices.h; sourceTree = "<group>"; };
		E70ABDF8154991CE00CF8802 /* allocator.h */ = {isa = PBXFileReference; fileEncoding = 4; lastKnownFileType = sourcecode.c.h; path = allocator.h; sourceTree = "<group>"; };
		E70ABDF9154991CE00CF8802 /* any.h */ = {isa = PBXFileReference; fileEncoding = 4; lastKnownFileType = sourcecode.c.h; path = any.h; sourceTree = "<group>"; };
		E70ABDFA154991CE00CF8802 /* autotuned_index.h */ = {isa = PBXFileReference; fileEncoding = 4; lastKnownFileType = sourcecode.c.h; path = autotuned_index.h; sourceTree = "<group>"; };
		E70ABDFB154991CE00CF8802 /* composite_index.h */ = {isa = PBXFileReference; fileEncoding = 4; lastKnownFileType = sourcecode.c.h; path = composite_index.h; sourceTree = "<group>"; };
		E70ABDFC154991CE00CF8802 /* config.h */ = {isa = PBXFileReference; fileEncoding = 4; lastKnownFileType = sourcecode.c.h; path = config.h; sourceTree = "<group>"; };
		E70ABDFD154991CE00CF8802 /* defines.h */ = {isa = PBXFileReference; fileEncoding = 4; lastKnownFileType = sourcecode.c.h; path = defines.h; sourceTree = "<group>"; };
		E70ABDFE154991CE00CF8802 /* dist.h */ = {isa = PBXFileReference; fileEncoding = 4; lastKnownFileType = sourcecode.c.h; path = dist.h; sourceTree = "<group>"; };
		E70ABDFF154991CE00CF8802 /* dummy.h */ = {isa = PBXFileReference; fileEncoding = 4; lastKnownFileType = sourcecode.c.h; path = dummy.h; sourceTree = "<group>"; };
		E70ABE00154991CE00CF8802 /* dynamic_bitset.h */ = {isa = PBXFileReference; fileEncoding = 4; lastKnownFileType = sourcecode.c.h; path = dynamic_bitset.h; sourceTree = "<group>"; };
		E70ABE01154991CE00CF8802 /* flann.hpp */ = {isa = PBXFileReference; fileEncoding = 4; lastKnownFileType = sourcecode.cpp.h; path = flann.hpp; sourceTree = "<group>"; };
		E70ABE02154991CE00CF8802 /* flann_base.hpp */ = {isa = PBXFileReference; fileEncoding = 4; lastKnownFileType = sourcecode.cpp.h; path = flann_base.hpp; sourceTree = "<group>"; };
		E70ABE03154991CE00CF8802 /* general.h */ = {isa = PBXFileReference; fileEncoding = 4; lastKnownFileType = sourcecode.c.h; path = general.h; sourceTree = "<group>"; };
		E70ABE04154991CE00CF8802 /* ground_truth.h */ = {isa = PBXFileReference; fileEncoding = 4; lastKnownFileType = sourcecode.c.h; path = ground_truth.h; sourceTree = "<group>"; };
		E70ABE05154991CE00CF8802 /* hdf5.h */ = {isa = PBXFileReference; fileEncoding = 4; lastKnownFileType = sourcecode.c.h; path = hdf5.h; sourceTree = "<group>"; };
		E70ABE06154991CE00CF8802 /* heap.h */ = {isa = PBXFileReference; fileEncoding = 4; lastKnownFileType = sourcecode.c.h; path = heap.h; sourceTree = "<group>"; };
		E70ABE07154991CE00CF8802 /* hierarchical_clustering_index.h */ = {isa = PBXFileReference; fileEncoding = 4; lastKnownFileType = sourcecode.c.h; path = hierarchical_clustering_index.h; sourceTree = "<group>"; };
		E70ABE08154991CE00CF8802 /* index_testing.h */ = {isa = PBXFileReference; fileEncoding = 4; lastKnownFileType = sourcecode.c.h; path = index_testing.h; sourceTree = "<group>"; };
		E70ABE09154991CE00CF8802 /* kdtree_index.h */ = {isa = PBXFileReference; fileEncoding = 4; lastKnownFileType = sourcecode.c.h; path = kdtree_index.h; sourceTree = "<group>"; };
		E70ABE0A154991CE00CF8802 /* kdtree_single_index.h */ = {isa = PBXFileReference; fileEncoding = 4; lastKnownFileType = sourcecode.c.h; path = kdtree_single_index.h; sourceTree = "<group>"; };
		E70ABE0B154991CE00CF8802 /* kmeans_index.h */ = {isa = PBXFileReference; fileEncoding = 4; lastKnownFileType = sourcecode.c.h; path = kmeans_index.h; sourceTree = "<group>"; };
		E70ABE0C154991CE00CF8802 /* linear_index.h */ = {isa = PBXFileReference; fileEncoding = 4; lastKnownFileType = sourcecode.c.h; path = linear_index.h; sourceTree = "<group>"; };
		E70ABE0D154991CE00CF8802 /* logger.h */ = {isa = PBXFileReference; fileEncoding = 4; lastKnownFileType = sourcecode.c.h; path = logger.h; sourceTree = "<group>"; };
		E70ABE0E154991CE00CF8802 /* lsh_index.h */ = {isa = PBXFileReference; fileEncoding = 4; lastKnownFileType = sourcecode.c.h; path = lsh_index.h; sourceTree = "<group>"; };
		E70ABE0F154991CE00CF8802 /* lsh_table.h */ = {isa = PBXFileReference; fileEncoding = 4; lastKnownFileType = sourcecode.c.h; path = lsh_table.h; sourceTree = "<group>"; };
		E70ABE10154991CE00CF8802 /* matrix.h */ = {isa = PBXFileReference; fileEncoding = 4; lastKnownFileType = sourcecode.c.h; path = matrix.h; sourceTree = "<group>"; };
		E70ABE11154991CE00CF8802 /* miniflann.hpp */ = {isa = PBXFileReference; fileEncoding = 4; lastKnownFileType = sourcecode.cpp.h; path = miniflann.hpp; sourceTree = "<group>"; };
		E70ABE12154991CE00CF8802 /* nn_index.h */ = {isa = PBXFileReference; fileEncoding = 4; lastKnownFileType = sourcecode.c.h; path = nn_index.h; sourceTree = "<group>"; };
		E70ABE13154991CE00CF8802 /* object_factory.h */ = {isa = PBXFileReference; fileEncoding = 4; lastKnownFileType = sourcecode.c.h; path = object_factory.h; sourceTree = "<group>"; };
		E70ABE14154991CE00CF8802 /* params.h */ = {isa = PBXFileReference; fileEncoding = 4; lastKnownFileType = sourcecode.c.h; path = params.h; sourceTree = "<group>"; };
		E70ABE15154991CE00CF8802 /* random.h */ = {isa = PBXFileReference; fileEncoding = 4; lastKnownFileType = sourcecode.c.h; path = random.h; sourceTree = "<group>"; };
		E70ABE16154991CE00CF8802 /* result_set.h */ = {isa = PBXFileReference; fileEncoding = 4; lastKnownFileType = sourcecode.c.h; path = result_set.h; sourceTree = "<group>"; };
		E70ABE17154991CE00CF8802 /* sampling.h */ = {isa = PBXFileReference; fileEncoding = 4; lastKnownFileType = sourcecode.c.h; path = sampling.h; sourceTree = "<group>"; };
		E70ABE18154991CE00CF8802 /* saving.h */ = {isa = PBXFileReference; fileEncoding = 4; lastKnownFileType = sourcecode.c.h; path = saving.h; sourceTree = "<group>"; };
		E70ABE19154991CE00CF8802 /* simplex_downhill.h */ = {isa = PBXFileReference; fileEncoding = 4; lastKnownFileType = sourcecode.c.h; path = simplex_downhill.h; sourceTree = "<group>"; };
		E70ABE1A154991CE00CF8802 /* timer.h */ = {isa = PBXFileReference; fileEncoding = 4; lastKnownFileType = sourcecode.c.h; path = timer.h; sourceTree = "<group>"; };
		E70ABE1C154991CE00CF8802 /* devmem2d.hpp */ = {isa = PBXFileReference; fileEncoding = 4; lastKnownFileType = sourcecode.cpp.h; path = devmem2d.hpp; sourceTree = "<group>"; };
		E70ABE1D154991CE00CF8802 /* gpu.hpp */ = {isa = PBXFileReference; fileEncoding = 4; lastKnownFileType = sourcecode.cpp.h; path = gpu.hpp; sourceTree = "<group>"; };
		E70ABE1E154991CE00CF8802 /* gpumat.hpp */ = {isa = PBXFileReference; fileEncoding = 4; lastKnownFileType = sourcecode.cpp.h; path = gpumat.hpp; sourceTree = "<group>"; };
		E70ABE1F154991CE00CF8802 /* matrix_operations.hpp */ = {isa = PBXFileReference; fileEncoding = 4; lastKnownFileType = sourcecode.cpp.h; path = matrix_operations.hpp; sourceTree = "<group>"; };
		E70ABE20154991CE00CF8802 /* stream_accessor.hpp */ = {isa = PBXFileReference; fileEncoding = 4; lastKnownFileType = sourcecode.cpp.h; path = stream_accessor.hpp; sourceTree = "<group>"; };
		E70ABE22154991CE00CF8802 /* highgui.hpp */ = {isa = PBXFileReference; fileEncoding = 4; lastKnownFileType = sourcecode.cpp.h; path = highgui.hpp; sourceTree = "<group>"; };
		E70ABE23154991CE00CF8802 /* highgui_c.h */ = {isa = PBXFileReference; fileEncoding = 4; lastKnownFileType = sourcecode.c.h; path = highgui_c.h; sourceTree = "<group>"; };
		E70ABE25154991CE00CF8802 /* imgproc.hpp */ = {isa = PBXFileReference; fileEncoding = 4; lastKnownFileType = sourcecode.cpp.h; path = imgproc.hpp; sourceTree = "<group>"; };
		E70ABE26154991CE00CF8802 /* imgproc_c.h */ = {isa = PBXFileReference; fileEncoding = 4; lastKnownFileType = sourcecode.c.h; path = imgproc_c.h; sourceTree = "<group>"; };
		E70ABE27154991CE00CF8802 /* types_c.h */ = {isa = PBXFileReference; fileEncoding = 4; lastKnownFileType = sourcecode.c.h; path = types_c.h; sourceTree = "<group>"; };
		E70ABE29154991CE00CF8802 /* blobtrack.hpp */ = {isa = PBXFileReference; fileEncoding = 4; lastKnownFileType = sourcecode.cpp.h; path = blobtrack.hpp; sourceTree = "<group>"; };
		E70ABE2A154991CE00CF8802 /* compat.hpp */ = {isa = PBXFileReference; fileEncoding = 4; lastKnownFileType = sourcecode.cpp.h; path = compat.hpp; sourceTree = "<group>"; };
		E70ABE2B154991CE00CF8802 /* legacy.hpp */ = {isa = PBXFileReference; fileEncoding = 4; lastKnownFileType = sourcecode.cpp.h; path = legacy.hpp; sourceTree = "<group>"; };
		E70ABE2C154991CE00CF8802 /* streams.hpp */ = {isa = PBXFileReference; fileEncoding = 4; lastKnownFileType = sourcecode.cpp.h; path = streams.hpp; sourceTree = "<group>"; };
		E70ABE2E154991CE00CF8802 /* ml.hpp */ = {isa = PBXFileReference; fileEncoding = 4; lastKnownFileType = sourcecode.cpp.h; path = ml.hpp; sourceTree = "<group>"; };
		E70ABE30154991CE00CF8802 /* objdetect.hpp */ = {isa = PBXFileReference; fileEncoding = 4; lastKnownFileType = sourcecode.cpp.h; path = objdetect.hpp; sourceTree = "<group>"; };
		E70ABE31154991CE00CF8802 /* opencv.hpp */ = {isa = PBXFileReference; fileEncoding = 4; lastKnownFileType = sourcecode.cpp.h; path = opencv.hpp; sourceTree = "<group>"; };
		E70ABE33154991CE00CF8802 /* background_segm.hpp */ = {isa = PBXFileReference; fileEncoding = 4; lastKnownFileType = sourcecode.cpp.h; path = background_segm.hpp; sourceTree = "<group>"; };
		E70ABE34154991CE00CF8802 /* tracking.hpp */ = {isa = PBXFileReference; fileEncoding = 4; lastKnownFileType = sourcecode.cpp.h; path = tracking.hpp; sourceTree = "<group>"; };
		E70ABE35154991CE00CF8802 /* video.hpp */ = {isa = PBXFileReference; fileEncoding = 4; lastKnownFileType = sourcecode.cpp.h; path = video.hpp; sourceTree = "<group>"; };
		E70ABE38154991CE00CF8802 /* opencv_calib3d.a */ = {isa = PBXFileReference; lastKnownFileType = archive.ar; path = opencv_calib3d.a; sourceTree = "<group>"; };
		E70ABE39154991CE00CF8802 /* opencv_contrib.a */ = {isa = PBXFileReference; lastKnownFileType = archive.ar; path = opencv_contrib.a; sourceTree = "<group>"; };
		E70ABE3A154991CE00CF8802 /* opencv_core.a */ = {isa = PBXFileReference; lastKnownFileType = archive.ar; path = opencv_core.a; sourceTree = "<group>"; };
		E70ABE3B154991CE00CF8802 /* opencv_features2d.a */ = {isa = PBXFileReference; lastKnownFileType = archive.ar; path = opencv_features2d.a; sourceTree = "<group>"; };
		E70ABE3C154991CE00CF8802 /* opencv_flann.a */ = {isa = PBXFileReference; lastKnownFileType = archive.ar; path = opencv_flann.a; sourceTree = "<group>"; };
		E70ABE3D154991CE00CF8802 /* opencv_gpu.a */ = {isa = PBXFileReference; lastKnownFileType = archive.ar; path = opencv_gpu.a; sourceTree = "<group>"; };
		E70ABE3E154991CE00CF8802 /* opencv_haartraining_engine.a */ = {isa = PBXFileReference; lastKnownFileType = archive.ar; path = opencv_haartraining_engine.a; sourceTree = "<group>"; };
		E70ABE3F154991CE00CF8802 /* opencv_highgui.a */ = {isa = PBXFileReference; lastKnownFileType = archive.ar; path = opencv_highgui.a; sourceTree = "<group>"; };
		E70ABE40154991CE00CF8802 /* opencv_imgproc.a */ = {isa = PBXFileReference; lastKnownFileType = archive.ar; path = opencv_imgproc.a; sourceTree = "<group>"; };
		E70ABE41154991CE00CF8802 /* opencv_legacy.a */ = {isa = PBXFileReference; lastKnownFileType = archive.ar; path = opencv_legacy.a; sourceTree = "<group>"; };
		E70ABE42154991CE00CF8802 /* opencv_ml.a */ = {isa = PBXFileReference; lastKnownFileType = archive.ar; path = opencv_ml.a; sourceTree = "<group>"; };
		E70ABE43154991CE00CF8802 /* opencv_objdetect.a */ = {isa = PBXFileReference; lastKnownFileType = archive.ar; path = opencv_objdetect.a; sourceTree = "<group>"; };
		E70ABE44154991CE00CF8802 /* opencv_video.a */ = {isa = PBXFileReference; lastKnownFileType = archive.ar; path = opencv_video.a; sourceTree = "<group>"; };
		E7121EE01549997400BA5A72 /* libz.dylib */ = {isa = PBXFileReference; lastKnownFileType = "compiled.mach-o.dylib"; name = libz.dylib; path = usr/lib/libz.dylib; sourceTree = SDKROOT; };
		E738E8EC153C734000BDA0F3 /* ofxDepthImageSequence.h */ = {isa = PBXFileReference; lastKnownFileType = sourcecode.c.h; path = ofxDepthImageSequence.h; sourceTree = "<group>"; };
		E738E8ED153C735400BDA0F3 /* ofxDepthImageSequence.cpp */ = {isa = PBXFileReference; fileEncoding = 4; lastKnownFileType = sourcecode.cpp.cpp; path = ofxDepthImageSequence.cpp; sourceTree = "<group>"; };
		E73BE0B114A3B784004FE0E5 /* ofxDepthImageCompressor.cpp */ = {isa = PBXFileReference; fileEncoding = 4; lastKnownFileType = sourcecode.cpp.cpp; path = ofxDepthImageCompressor.cpp; sourceTree = "<group>"; };
		E73BE0B214A3B784004FE0E5 /* ofxDepthImageCompressor.h */ = {isa = PBXFileReference; fileEncoding = 4; lastKnownFileType = sourcecode.c.h; path = ofxDepthImageCompressor.h; sourceTree = "<group>"; };
		E77796E71582F6550041CEAF /* ofxRGBDPlayer.cpp */ = {isa = PBXFileReference; fileEncoding = 4; lastKnownFileType = sourcecode.cpp.cpp; path = ofxRGBDPlayer.cpp; sourceTree = "<group>"; };
		E77796EA1582F74C0041CEAF /* ofxRGBDPlayer.h */ = {isa = PBXFileReference; lastKnownFileType = sourcecode.c.h; path = ofxRGBDPlayer.h; sourceTree = "<group>"; };
		E77C753015790ACA0016FA54 /* ofxRGBDScene.cpp */ = {isa = PBXFileReference; fileEncoding = 4; lastKnownFileType = sourcecode.cpp.cpp; path = ofxRGBDScene.cpp; sourceTree = "<group>"; };
		E77C753115790ACA0016FA54 /* ofxRGBDScene.h */ = {isa = PBXFileReference; fileEncoding = 4; lastKnownFileType = sourcecode.c.h; path = ofxRGBDScene.h; sourceTree = "<group>"; };
		E77C753515798B9B0016FA54 /* ofOscParameter.h */ = {isa = PBXFileReference; fileEncoding = 4; lastKnownFileType = sourcecode.c.h; path = ofOscParameter.h; sourceTree = "<group>"; };
		E77C753615798B9B0016FA54 /* ofParameter.h */ = {isa = PBXFileReference; fileEncoding = 4; lastKnownFileType = sourcecode.c.h; path = ofParameter.h; sourceTree = "<group>"; };
		E77C753715798B9B0016FA54 /* ofxBaseGui.cpp */ = {isa = PBXFileReference; fileEncoding = 4; lastKnownFileType = sourcecode.cpp.cpp; path = ofxBaseGui.cpp; sourceTree = "<group>"; };
		E77C753815798B9B0016FA54 /* ofxBaseGui.h */ = {isa = PBXFileReference; fileEncoding = 4; lastKnownFileType = sourcecode.c.h; path = ofxBaseGui.h; sourceTree = "<group>"; };
		E77C753915798B9B0016FA54 /* ofxButton.cpp */ = {isa = PBXFileReference; fileEncoding = 4; lastKnownFileType = sourcecode.cpp.cpp; path = ofxButton.cpp; sourceTree = "<group>"; };
		E77C753A15798B9B0016FA54 /* ofxButton.h */ = {isa = PBXFileReference; fileEncoding = 4; lastKnownFileType = sourcecode.c.h; path = ofxButton.h; sourceTree = "<group>"; };
		E77C753B15798B9B0016FA54 /* ofxGui.h */ = {isa = PBXFileReference; fileEncoding = 4; lastKnownFileType = sourcecode.c.h; path = ofxGui.h; sourceTree = "<group>"; };
		E77C753C15798B9B0016FA54 /* ofxPanel.cpp */ = {isa = PBXFileReference; fileEncoding = 4; lastKnownFileType = sourcecode.cpp.cpp; path = ofxPanel.cpp; sourceTree = "<group>"; };
		E77C753D15798B9B0016FA54 /* ofxPanel.h */ = {isa = PBXFileReference; fileEncoding = 4; lastKnownFileType = sourcecode.c.h; path = ofxPanel.h; sourceTree = "<group>"; };
		E77C753E15798B9B0016FA54 /* ofxSlider.cpp */ = {isa = PBXFileReference; fileEncoding = 4; lastKnownFileType = sourcecode.cpp.cpp; path = ofxSlider.cpp; sourceTree = "<group>"; };
		E77C753F15798B9B0016FA54 /* ofxSlider.h */ = {isa = PBXFileReference; fileEncoding = 4; lastKnownFileType = sourcecode.c.h; path = ofxSlider.h; sourceTree = "<group>"; };
		E77C754015798B9B0016FA54 /* ofxToggle.cpp */ = {isa = PBXFileReference; fileEncoding = 4; lastKnownFileType = sourcecode.cpp.cpp; path = ofxToggle.cpp; sourceTree = "<group>"; };
		E77C754115798B9B0016FA54 /* ofxToggle.h */ = {isa = PBXFileReference; fileEncoding = 4; lastKnownFileType = sourcecode.c.h; path = ofxToggle.h; sourceTree = "<group>"; };
		F39CB68814C76F1700E2DB17 /* ofRange.h */ = {isa = PBXFileReference; fileEncoding = 4; lastKnownFileType = sourcecode.c.h; path = ofRange.h; sourceTree = "<group>"; };
/* End PBXFileReference section */

/* Begin PBXFrameworksBuildPhase section */
		E4B69B590A3A1756003C02F2 /* Frameworks */ = {
			isa = PBXFrameworksBuildPhase;
			buildActionMask = 2147483647;
			files = (
				E4EB6799138ADC1D00A09F29 /* GLUT.framework in Frameworks */,
				E4328149138ABC9F0047C5CB /* openFrameworksDebug.a in Frameworks */,
				E45BE97B0E8CC7DD009D7055 /* AGL.framework in Frameworks */,
				E45BE97C0E8CC7DD009D7055 /* ApplicationServices.framework in Frameworks */,
				E45BE97D0E8CC7DD009D7055 /* AudioToolbox.framework in Frameworks */,
				E45BE97E0E8CC7DD009D7055 /* Carbon.framework in Frameworks */,
				E45BE97F0E8CC7DD009D7055 /* CoreAudio.framework in Frameworks */,
				E45BE9800E8CC7DD009D7055 /* CoreFoundation.framework in Frameworks */,
				E45BE9810E8CC7DD009D7055 /* CoreServices.framework in Frameworks */,
				E45BE9830E8CC7DD009D7055 /* OpenGL.framework in Frameworks */,
				E45BE9840E8CC7DD009D7055 /* QuickTime.framework in Frameworks */,
				E4C2424710CC5A17004149E2 /* AppKit.framework in Frameworks */,
				E4C2424810CC5A17004149E2 /* Cocoa.framework in Frameworks */,
				E4C2424910CC5A17004149E2 /* IOKit.framework in Frameworks */,
				E7121EE11549997400BA5A72 /* libz.dylib in Frameworks */,
				E70ABE45154991CE00CF8802 /* opencv_calib3d.a in Frameworks */,
				E70ABE46154991CE00CF8802 /* opencv_contrib.a in Frameworks */,
				E70ABE47154991CE00CF8802 /* opencv_core.a in Frameworks */,
				E70ABE48154991CE00CF8802 /* opencv_features2d.a in Frameworks */,
				E70ABE49154991CE00CF8802 /* opencv_flann.a in Frameworks */,
				E70ABE4A154991CE00CF8802 /* opencv_gpu.a in Frameworks */,
				E70ABE4B154991CE00CF8802 /* opencv_haartraining_engine.a in Frameworks */,
				E70ABE4C154991CE00CF8802 /* opencv_highgui.a in Frameworks */,
				E70ABE4D154991CE00CF8802 /* opencv_imgproc.a in Frameworks */,
				E70ABE4E154991CE00CF8802 /* opencv_legacy.a in Frameworks */,
				E70ABE4F154991CE00CF8802 /* opencv_ml.a in Frameworks */,
				E70ABE50154991CE00CF8802 /* opencv_objdetect.a in Frameworks */,
				E70ABE51154991CE00CF8802 /* opencv_video.a in Frameworks */,
			);
			runOnlyForDeploymentPostprocessing = 0;
		};
/* End PBXFrameworksBuildPhase section */

/* Begin PBXGroup section */
		A60F6B821475FFA5007E1206 /* ofxRGBDepth */ = {
			isa = PBXGroup;
			children = (
				A60F6BD81475FFA5007E1206 /* src */,
			);
			name = ofxRGBDepth;
			path = ..;
			sourceTree = SOURCE_ROOT;
		};
		A60F6BD81475FFA5007E1206 /* src */ = {
			isa = PBXGroup;
			children = (
				E77C753115790ACA0016FA54 /* ofxRGBDScene.h */,
				E77C753015790ACA0016FA54 /* ofxRGBDScene.cpp */,
				A6477C79149D679300908B2B /* ofxRGBDRenderer.h */,
				A6477C78149D679300908B2B /* ofxRGBDRenderer.cpp */,
				A6A4DC4D158A6BC200EC8AF3 /* ofxRGBDMeshBuilder.h */,
				A6A4DC4C158A6BC200EC8AF3 /* ofxRGBDMeshBuilder.cpp */,
				E77796EA1582F74C0041CEAF /* ofxRGBDPlayer.h */,
				E77796E71582F6550041CEAF /* ofxRGBDPlayer.cpp */,
				A6ECC6BC15300A820009D0D9 /* ofxDepthHoleFiller.h */,
				A6ECC6BB15300A820009D0D9 /* ofxDepthHoleFiller.cpp */,
				E73BE0B214A3B784004FE0E5 /* ofxDepthImageCompressor.h */,
				E73BE0B114A3B784004FE0E5 /* ofxDepthImageCompressor.cpp */,
				A60F752D147721FC007E1206 /* ofxRGBDVideoDepthSequence.h */,
				A60F752E147721FC007E1206 /* ofxRGBDVideoDepthSequence.cpp */,
				E738E8EC153C734000BDA0F3 /* ofxDepthImageSequence.h */,
				E738E8ED153C735400BDA0F3 /* ofxDepthImageSequence.cpp */,
			);
			path = src;
			sourceTree = "<group>";
		};
		A60F72CF1477206A007E1206 /* ofxCv */ = {
			isa = PBXGroup;
			children = (
				A60F73EA1477206A007E1206 /* libs */,
				A60F74001477206A007E1206 /* readme.md */,
				A60F74011477206A007E1206 /* src */,
			);
			name = ofxCv;
			path = ../../ofxCv;
			sourceTree = SOURCE_ROOT;
		};
		A60F73EA1477206A007E1206 /* libs */ = {
			isa = PBXGroup;
			children = (
				E70ABDD6154991CE00CF8802 /* opencv */,
				A60F73EC1477206A007E1206 /* ofxCv */,
			);
			path = libs;
			sourceTree = "<group>";
		};
		A60F73EC1477206A007E1206 /* ofxCv */ = {
			isa = PBXGroup;
			children = (
				A60F73ED1477206A007E1206 /* include */,
				A60F73F71477206A007E1206 /* src */,
			);
			path = ofxCv;
			sourceTree = "<group>";
		};
		A60F73ED1477206A007E1206 /* include */ = {
			isa = PBXGroup;
			children = (
				A60F73EE1477206A007E1206 /* ofxCv */,
			);
			path = include;
			sourceTree = "<group>";
		};
		A60F73EE1477206A007E1206 /* ofxCv */ = {
			isa = PBXGroup;
			children = (
				A60F73EF1477206A007E1206 /* Calibration.h */,
				A60F73F01477206A007E1206 /* ContourFinder.h */,
				A60F73F11477206A007E1206 /* Distance.h */,
				A60F73F21477206A007E1206 /* Helpers.h */,
				A60F73F31477206A007E1206 /* RunningBackground.h */,
				A60F73F41477206A007E1206 /* Tracker.h */,
				A60F73F51477206A007E1206 /* Utilities.h */,
				A60F73F61477206A007E1206 /* Wrappers.h */,
			);
			path = ofxCv;
			sourceTree = "<group>";
		};
		A60F73F71477206A007E1206 /* src */ = {
			isa = PBXGroup;
			children = (
				A60F73F81477206A007E1206 /* Calibration.cpp */,
				A60F73F91477206A007E1206 /* ContourFinder.cpp */,
				A60F73FA1477206A007E1206 /* Distance.cpp */,
				A60F73FB1477206A007E1206 /* Helpers.cpp */,
				A60F73FC1477206A007E1206 /* RunningBackground.cpp */,
				A60F73FD1477206A007E1206 /* Tracker.cpp */,
				A60F73FE1477206A007E1206 /* Utilities.cpp */,
				A60F73FF1477206A007E1206 /* Wrappers.cpp */,
			);
			path = src;
			sourceTree = "<group>";
		};
		A60F74011477206A007E1206 /* src */ = {
			isa = PBXGroup;
			children = (
				A60F74021477206A007E1206 /* ofxCv.h */,
			);
			path = src;
			sourceTree = "<group>";
		};
		A60F753414772397007E1206 /* ofxXmlSettings */ = {
			isa = PBXGroup;
			children = (
				A60F753614772397007E1206 /* libs */,
				A60F753B14772397007E1206 /* src */,
			);
			name = ofxXmlSettings;
			path = ../../ofxXmlSettings;
			sourceTree = SOURCE_ROOT;
		};
		A60F753614772397007E1206 /* libs */ = {
			isa = PBXGroup;
			children = (
				A60F753714772397007E1206 /* tinyxml.cpp */,
				A60F753814772397007E1206 /* tinyxml.h */,
				A60F753914772397007E1206 /* tinyxmlerror.cpp */,
				A60F753A14772397007E1206 /* tinyxmlparser.cpp */,
			);
			path = libs;
			sourceTree = "<group>";
		};
		A60F753B14772397007E1206 /* src */ = {
			isa = PBXGroup;
			children = (
				A60F753C14772397007E1206 /* ofxXmlSettings.cpp */,
				A60F753D14772397007E1206 /* ofxXmlSettings.h */,
			);
			path = src;
			sourceTree = "<group>";
		};
		A69D77CF14E0E5A900963BF2 /* data */ = {
			isa = PBXGroup;
			children = (
			);
			name = data;
			path = bin/data;
			sourceTree = "<group>";
		};
		BB4B014C10F69532006C3DED /* addons */ = {
			isa = PBXGroup;
			children = (
				E77C753315798B9B0016FA54 /* ofxGui */,
				F39CB64014C76F1700E2DB17 /* ofxRange */,
				E704A28B147AACF9002064D0 /* ofxGameCamera */,
				A60F753414772397007E1206 /* ofxXmlSettings */,
				A60F72CF1477206A007E1206 /* ofxCv */,
				A60F6B821475FFA5007E1206 /* ofxRGBDepth */,
			);
			name = addons;
			sourceTree = "<group>";
		};
		BBAB23C913894ECA00AA2426 /* system frameworks */ = {
			isa = PBXGroup;
			children = (
				E4C2424410CC5A17004149E2 /* AppKit.framework */,
				E4C2424510CC5A17004149E2 /* Cocoa.framework */,
				E4C2424610CC5A17004149E2 /* IOKit.framework */,
				E45BE9710E8CC7DD009D7055 /* AGL.framework */,
				E45BE9720E8CC7DD009D7055 /* ApplicationServices.framework */,
				E45BE9730E8CC7DD009D7055 /* AudioToolbox.framework */,
				E45BE9740E8CC7DD009D7055 /* Carbon.framework */,
				E45BE9750E8CC7DD009D7055 /* CoreAudio.framework */,
				E45BE9760E8CC7DD009D7055 /* CoreFoundation.framework */,
				E45BE9770E8CC7DD009D7055 /* CoreServices.framework */,
				E45BE9790E8CC7DD009D7055 /* OpenGL.framework */,
				E45BE97A0E8CC7DD009D7055 /* QuickTime.framework */,
			);
			name = "system frameworks";
			sourceTree = "<group>";
		};
		BBAB23CA13894EDB00AA2426 /* 3rd party frameworks */ = {
			isa = PBXGroup;
			children = (
				E7121EE01549997400BA5A72 /* libz.dylib */,
				BBAB23BE13894E4700AA2426 /* GLUT.framework */,
			);
			name = "3rd party frameworks";
			sourceTree = "<group>";
		};
		E4328144138ABC890047C5CB /* Products */ = {
			isa = PBXGroup;
			children = (
				E4328148138ABC890047C5CB /* openFrameworksDebug.a */,
			);
			name = Products;
			sourceTree = "<group>";
		};
		E45BE5980E8CC70C009D7055 /* frameworks */ = {
			isa = PBXGroup;
			children = (
				BBAB23CA13894EDB00AA2426 /* 3rd party frameworks */,
				BBAB23C913894ECA00AA2426 /* system frameworks */,
			);
			name = frameworks;
			sourceTree = "<group>";
		};
		E4B69B4A0A3A1720003C02F2 = {
			isa = PBXGroup;
			children = (
				E4B6FCAD0C3E899E008CF71C /* openFrameworks-Info.plist */,
				E4EB6923138AFD0F00A09F29 /* Project.xcconfig */,
				A69D77CF14E0E5A900963BF2 /* data */,
				E4B69E1C0A3A1BDC003C02F2 /* src */,
				E4EEC9E9138DF44700A80321 /* openFrameworks */,
				BB4B014C10F69532006C3DED /* addons */,
				E45BE5980E8CC70C009D7055 /* frameworks */,
				E4B69B5B0A3A1756003C02F2 /* example-meshBuilderDebug.app */,
			);
			sourceTree = "<group>";
		};
		E4B69E1C0A3A1BDC003C02F2 /* src */ = {
			isa = PBXGroup;
			children = (
				E4B69E1D0A3A1BDC003C02F2 /* main.cpp */,
				E4B69E1F0A3A1BDC003C02F2 /* testApp.h */,
				E4B69E1E0A3A1BDC003C02F2 /* testApp.cpp */,
			);
			path = src;
			sourceTree = SOURCE_ROOT;
		};
		E4EEC9E9138DF44700A80321 /* openFrameworks */ = {
			isa = PBXGroup;
			children = (
				E4EB691F138AFCF100A09F29 /* CoreOF.xcconfig */,
				E4328143138ABC890047C5CB /* openFrameworksLib.xcodeproj */,
			);
			name = openFrameworks;
			sourceTree = "<group>";
		};
		E704A28B147AACF9002064D0 /* ofxGameCamera */ = {
			isa = PBXGroup;
			children = (
				E704A2C5147AACF9002064D0 /* src */,
			);
			name = ofxGameCamera;
			path = ../../ofxGameCamera;
			sourceTree = SOURCE_ROOT;
		};
		E704A2C5147AACF9002064D0 /* src */ = {
			isa = PBXGroup;
			children = (
				E704A2C7147AACF9002064D0 /* ofxGameCamera.h */,
				E704A2C6147AACF9002064D0 /* ofxGameCamera.cpp */,
			);
			path = src;
			sourceTree = "<group>";
		};
		E70ABDD6154991CE00CF8802 /* opencv */ = {
			isa = PBXGroup;
			children = (
				E70ABDD7154991CE00CF8802 /* include */,
				E70ABE36154991CE00CF8802 /* lib */,
			);
			name = opencv;
			path = ../../ofxOpenCv/libs/opencv;
			sourceTree = "<group>";
		};
		E70ABDD7154991CE00CF8802 /* include */ = {
			isa = PBXGroup;
			children = (
				E70ABDD8154991CE00CF8802 /* opencv */,
				E70ABDE4154991CE00CF8802 /* opencv2 */,
			);
			path = include;
			sourceTree = "<group>";
		};
		E70ABDD8154991CE00CF8802 /* opencv */ = {
			isa = PBXGroup;
			children = (
				E70ABDD9154991CE00CF8802 /* cv.h */,
				E70ABDDA154991CE00CF8802 /* cv.hpp */,
				E70ABDDB154991CE00CF8802 /* cvaux.h */,
				E70ABDDC154991CE00CF8802 /* cvaux.hpp */,
				E70ABDDD154991CE00CF8802 /* cvwimage.h */,
				E70ABDDE154991CE00CF8802 /* cxcore.h */,
				E70ABDDF154991CE00CF8802 /* cxcore.hpp */,
				E70ABDE0154991CE00CF8802 /* cxeigen.hpp */,
				E70ABDE1154991CE00CF8802 /* cxmisc.h */,
				E70ABDE2154991CE00CF8802 /* highgui.h */,
				E70ABDE3154991CE00CF8802 /* ml.h */,
			);
			path = opencv;
			sourceTree = "<group>";
		};
		E70ABDE4154991CE00CF8802 /* opencv2 */ = {
			isa = PBXGroup;
			children = (
				E70ABDE5154991CE00CF8802 /* calib3d */,
				E70ABDE7154991CE00CF8802 /* contrib */,
				E70ABDEA154991CE00CF8802 /* core */,
				E70ABDF4154991CE00CF8802 /* features2d */,
				E70ABDF6154991CE00CF8802 /* flann */,
				E70ABE1B154991CE00CF8802 /* gpu */,
				E70ABE21154991CE00CF8802 /* highgui */,
				E70ABE24154991CE00CF8802 /* imgproc */,
				E70ABE28154991CE00CF8802 /* legacy */,
				E70ABE2D154991CE00CF8802 /* ml */,
				E70ABE2F154991CE00CF8802 /* objdetect */,
				E70ABE31154991CE00CF8802 /* opencv.hpp */,
				E70ABE32154991CE00CF8802 /* video */,
			);
			path = opencv2;
			sourceTree = "<group>";
		};
		E70ABDE5154991CE00CF8802 /* calib3d */ = {
			isa = PBXGroup;
			children = (
				E70ABDE6154991CE00CF8802 /* calib3d.hpp */,
			);
			path = calib3d;
			sourceTree = "<group>";
		};
		E70ABDE7154991CE00CF8802 /* contrib */ = {
			isa = PBXGroup;
			children = (
				E70ABDE8154991CE00CF8802 /* contrib.hpp */,
				E70ABDE9154991CE00CF8802 /* retina.hpp */,
			);
			path = contrib;
			sourceTree = "<group>";
		};
		E70ABDEA154991CE00CF8802 /* core */ = {
			isa = PBXGroup;
			children = (
				E70ABDEB154991CE00CF8802 /* core.hpp */,
				E70ABDEC154991CE00CF8802 /* core_c.h */,
				E70ABDED154991CE00CF8802 /* eigen.hpp */,
				E70ABDEE154991CE00CF8802 /* internal.hpp */,
				E70ABDEF154991CE00CF8802 /* mat.hpp */,
				E70ABDF0154991CE00CF8802 /* operations.hpp */,
				E70ABDF1154991CE00CF8802 /* types_c.h */,
				E70ABDF2154991CE00CF8802 /* version.hpp */,
				E70ABDF3154991CE00CF8802 /* wimage.hpp */,
			);
			path = core;
			sourceTree = "<group>";
		};
		E70ABDF4154991CE00CF8802 /* features2d */ = {
			isa = PBXGroup;
			children = (
				E70ABDF5154991CE00CF8802 /* features2d.hpp */,
			);
			path = features2d;
			sourceTree = "<group>";
		};
		E70ABDF6154991CE00CF8802 /* flann */ = {
			isa = PBXGroup;
			children = (
				E70ABDF7154991CE00CF8802 /* all_indices.h */,
				E70ABDF8154991CE00CF8802 /* allocator.h */,
				E70ABDF9154991CE00CF8802 /* any.h */,
				E70ABDFA154991CE00CF8802 /* autotuned_index.h */,
				E70ABDFB154991CE00CF8802 /* composite_index.h */,
				E70ABDFC154991CE00CF8802 /* config.h */,
				E70ABDFD154991CE00CF8802 /* defines.h */,
				E70ABDFE154991CE00CF8802 /* dist.h */,
				E70ABDFF154991CE00CF8802 /* dummy.h */,
				E70ABE00154991CE00CF8802 /* dynamic_bitset.h */,
				E70ABE01154991CE00CF8802 /* flann.hpp */,
				E70ABE02154991CE00CF8802 /* flann_base.hpp */,
				E70ABE03154991CE00CF8802 /* general.h */,
				E70ABE04154991CE00CF8802 /* ground_truth.h */,
				E70ABE05154991CE00CF8802 /* hdf5.h */,
				E70ABE06154991CE00CF8802 /* heap.h */,
				E70ABE07154991CE00CF8802 /* hierarchical_clustering_index.h */,
				E70ABE08154991CE00CF8802 /* index_testing.h */,
				E70ABE09154991CE00CF8802 /* kdtree_index.h */,
				E70ABE0A154991CE00CF8802 /* kdtree_single_index.h */,
				E70ABE0B154991CE00CF8802 /* kmeans_index.h */,
				E70ABE0C154991CE00CF8802 /* linear_index.h */,
				E70ABE0D154991CE00CF8802 /* logger.h */,
				E70ABE0E154991CE00CF8802 /* lsh_index.h */,
				E70ABE0F154991CE00CF8802 /* lsh_table.h */,
				E70ABE10154991CE00CF8802 /* matrix.h */,
				E70ABE11154991CE00CF8802 /* miniflann.hpp */,
				E70ABE12154991CE00CF8802 /* nn_index.h */,
				E70ABE13154991CE00CF8802 /* object_factory.h */,
				E70ABE14154991CE00CF8802 /* params.h */,
				E70ABE15154991CE00CF8802 /* random.h */,
				E70ABE16154991CE00CF8802 /* result_set.h */,
				E70ABE17154991CE00CF8802 /* sampling.h */,
				E70ABE18154991CE00CF8802 /* saving.h */,
				E70ABE19154991CE00CF8802 /* simplex_downhill.h */,
				E70ABE1A154991CE00CF8802 /* timer.h */,
			);
			path = flann;
			sourceTree = "<group>";
		};
		E70ABE1B154991CE00CF8802 /* gpu */ = {
			isa = PBXGroup;
			children = (
				E70ABE1C154991CE00CF8802 /* devmem2d.hpp */,
				E70ABE1D154991CE00CF8802 /* gpu.hpp */,
				E70ABE1E154991CE00CF8802 /* gpumat.hpp */,
				E70ABE1F154991CE00CF8802 /* matrix_operations.hpp */,
				E70ABE20154991CE00CF8802 /* stream_accessor.hpp */,
			);
			path = gpu;
			sourceTree = "<group>";
		};
		E70ABE21154991CE00CF8802 /* highgui */ = {
			isa = PBXGroup;
			children = (
				E70ABE22154991CE00CF8802 /* highgui.hpp */,
				E70ABE23154991CE00CF8802 /* highgui_c.h */,
			);
			path = highgui;
			sourceTree = "<group>";
		};
		E70ABE24154991CE00CF8802 /* imgproc */ = {
			isa = PBXGroup;
			children = (
				E70ABE25154991CE00CF8802 /* imgproc.hpp */,
				E70ABE26154991CE00CF8802 /* imgproc_c.h */,
				E70ABE27154991CE00CF8802 /* types_c.h */,
			);
			path = imgproc;
			sourceTree = "<group>";
		};
		E70ABE28154991CE00CF8802 /* legacy */ = {
			isa = PBXGroup;
			children = (
				E70ABE29154991CE00CF8802 /* blobtrack.hpp */,
				E70ABE2A154991CE00CF8802 /* compat.hpp */,
				E70ABE2B154991CE00CF8802 /* legacy.hpp */,
				E70ABE2C154991CE00CF8802 /* streams.hpp */,
			);
			path = legacy;
			sourceTree = "<group>";
		};
		E70ABE2D154991CE00CF8802 /* ml */ = {
			isa = PBXGroup;
			children = (
				E70ABE2E154991CE00CF8802 /* ml.hpp */,
			);
			path = ml;
			sourceTree = "<group>";
		};
		E70ABE2F154991CE00CF8802 /* objdetect */ = {
			isa = PBXGroup;
			children = (
				E70ABE30154991CE00CF8802 /* objdetect.hpp */,
			);
			path = objdetect;
			sourceTree = "<group>";
		};
		E70ABE32154991CE00CF8802 /* video */ = {
			isa = PBXGroup;
			children = (
				E70ABE33154991CE00CF8802 /* background_segm.hpp */,
				E70ABE34154991CE00CF8802 /* tracking.hpp */,
				E70ABE35154991CE00CF8802 /* video.hpp */,
			);
			path = video;
			sourceTree = "<group>";
		};
		E70ABE36154991CE00CF8802 /* lib */ = {
			isa = PBXGroup;
			children = (
				E70ABE37154991CE00CF8802 /* osx */,
			);
			path = lib;
			sourceTree = "<group>";
		};
		E70ABE37154991CE00CF8802 /* osx */ = {
			isa = PBXGroup;
			children = (
				E70ABE38154991CE00CF8802 /* opencv_calib3d.a */,
				E70ABE39154991CE00CF8802 /* opencv_contrib.a */,
				E70ABE3A154991CE00CF8802 /* opencv_core.a */,
				E70ABE3B154991CE00CF8802 /* opencv_features2d.a */,
				E70ABE3C154991CE00CF8802 /* opencv_flann.a */,
				E70ABE3D154991CE00CF8802 /* opencv_gpu.a */,
				E70ABE3E154991CE00CF8802 /* opencv_haartraining_engine.a */,
				E70ABE3F154991CE00CF8802 /* opencv_highgui.a */,
				E70ABE40154991CE00CF8802 /* opencv_imgproc.a */,
				E70ABE41154991CE00CF8802 /* opencv_legacy.a */,
				E70ABE42154991CE00CF8802 /* opencv_ml.a */,
				E70ABE43154991CE00CF8802 /* opencv_objdetect.a */,
				E70ABE44154991CE00CF8802 /* opencv_video.a */,
			);
			path = osx;
			sourceTree = "<group>";
		};
		E77C753315798B9B0016FA54 /* ofxGui */ = {
			isa = PBXGroup;
			children = (
				E77C753415798B9B0016FA54 /* src */,
			);
			name = ofxGui;
			path = ../../../addons/ofxGui;
			sourceTree = "<group>";
		};
		E77C753415798B9B0016FA54 /* src */ = {
			isa = PBXGroup;
			children = (
				E77C753515798B9B0016FA54 /* ofOscParameter.h */,
				E77C753615798B9B0016FA54 /* ofParameter.h */,
				E77C753715798B9B0016FA54 /* ofxBaseGui.cpp */,
				E77C753815798B9B0016FA54 /* ofxBaseGui.h */,
				E77C753915798B9B0016FA54 /* ofxButton.cpp */,
				E77C753A15798B9B0016FA54 /* ofxButton.h */,
				E77C753B15798B9B0016FA54 /* ofxGui.h */,
				E77C753C15798B9B0016FA54 /* ofxPanel.cpp */,
				E77C753D15798B9B0016FA54 /* ofxPanel.h */,
				E77C753E15798B9B0016FA54 /* ofxSlider.cpp */,
				E77C753F15798B9B0016FA54 /* ofxSlider.h */,
				E77C754015798B9B0016FA54 /* ofxToggle.cpp */,
				E77C754115798B9B0016FA54 /* ofxToggle.h */,
			);
			path = src;
			sourceTree = "<group>";
		};
		F39CB64014C76F1700E2DB17 /* ofxRange */ = {
			isa = PBXGroup;
			children = (
				F39CB68814C76F1700E2DB17 /* ofRange.h */,
			);
			name = ofxRange;
			path = ../../ofxRange;
			sourceTree = SOURCE_ROOT;
		};
/* End PBXGroup section */

/* Begin PBXNativeTarget section */
		E4B69B5A0A3A1756003C02F2 /* example-meshBuilder */ = {
			isa = PBXNativeTarget;
			buildConfigurationList = E4B69B5F0A3A1757003C02F2 /* Build configuration list for PBXNativeTarget "example-meshBuilder" */;
			buildPhases = (
				E4B69B580A3A1756003C02F2 /* Sources */,
				E4B69B590A3A1756003C02F2 /* Frameworks */,
				E4B6FFFD0C3F9AB9008CF71C /* ShellScript */,
				E4C2427710CC5ABF004149E2 /* CopyFiles */,
				E7EF806714DB5D74007CD3CA /* Resources */,
			);
			buildRules = (
			);
			dependencies = (
				E4EEB9AC138B136A00A80321 /* PBXTargetDependency */,
			);
			name = "example-meshBuilder";
			productName = myOFApp;
			productReference = E4B69B5B0A3A1756003C02F2 /* example-meshBuilderDebug.app */;
			productType = "com.apple.product-type.application";
		};
/* End PBXNativeTarget section */

/* Begin PBXProject section */
		E4B69B4C0A3A1720003C02F2 /* Project object */ = {
			isa = PBXProject;
			attributes = {
				LastUpgradeCheck = 0430;
			};
			buildConfigurationList = E4B69B4D0A3A1720003C02F2 /* Build configuration list for PBXProject "example-meshBuilder" */;
			compatibilityVersion = "Xcode 3.2";
			developmentRegion = English;
			hasScannedForEncodings = 0;
			knownRegions = (
				English,
				Japanese,
				French,
				German,
			);
			mainGroup = E4B69B4A0A3A1720003C02F2;
			productRefGroup = E4B69B4A0A3A1720003C02F2;
			projectDirPath = "";
			projectReferences = (
				{
					ProductGroup = E4328144138ABC890047C5CB /* Products */;
					ProjectRef = E4328143138ABC890047C5CB /* openFrameworksLib.xcodeproj */;
				},
			);
			projectRoot = "";
			targets = (
				E4B69B5A0A3A1756003C02F2 /* example-meshBuilder */,
			);
		};
/* End PBXProject section */

/* Begin PBXReferenceProxy section */
		E4328148138ABC890047C5CB /* openFrameworksDebug.a */ = {
			isa = PBXReferenceProxy;
			fileType = archive.ar;
			path = openFrameworksDebug.a;
			remoteRef = E4328147138ABC890047C5CB /* PBXContainerItemProxy */;
			sourceTree = BUILT_PRODUCTS_DIR;
		};
/* End PBXReferenceProxy section */

/* Begin PBXResourcesBuildPhase section */
		E7EF806714DB5D74007CD3CA /* Resources */ = {
			isa = PBXResourcesBuildPhase;
			buildActionMask = 2147483647;
			files = (
			);
			runOnlyForDeploymentPostprocessing = 0;
		};
/* End PBXResourcesBuildPhase section */

/* Begin PBXShellScriptBuildPhase section */
		E4B6FFFD0C3F9AB9008CF71C /* ShellScript */ = {
			isa = PBXShellScriptBuildPhase;
			buildActionMask = 2147483647;
			files = (
			);
			inputPaths = (
			);
			outputPaths = (
			);
			runOnlyForDeploymentPostprocessing = 0;
			shellPath = /bin/sh;
			shellScript = "cp -f ../../../libs/fmodex/lib/osx/libfmodex.dylib \"$TARGET_BUILD_DIR/$PRODUCT_NAME.app/Contents/MacOS/libfmodex.dylib\"; install_name_tool -change ./libfmodex.dylib @executable_path/libfmodex.dylib \"$TARGET_BUILD_DIR/$PRODUCT_NAME.app/Contents/MacOS/$PRODUCT_NAME\";";
		};
/* End PBXShellScriptBuildPhase section */

/* Begin PBXSourcesBuildPhase section */
		E4B69B580A3A1756003C02F2 /* Sources */ = {
			isa = PBXSourcesBuildPhase;
			buildActionMask = 2147483647;
			files = (
				E4B69E200A3A1BDC003C02F2 /* main.cpp in Sources */,
				E4B69E210A3A1BDC003C02F2 /* testApp.cpp in Sources */,
				A60F74261477206A007E1206 /* Calibration.cpp in Sources */,
				A60F74271477206A007E1206 /* ContourFinder.cpp in Sources */,
				A60F74281477206A007E1206 /* Distance.cpp in Sources */,
				A60F74291477206A007E1206 /* Helpers.cpp in Sources */,
				A60F742A1477206A007E1206 /* RunningBackground.cpp in Sources */,
				A60F742B1477206A007E1206 /* Tracker.cpp in Sources */,
				A60F742C1477206A007E1206 /* Utilities.cpp in Sources */,
				A60F742D1477206A007E1206 /* Wrappers.cpp in Sources */,
				A60F752F147721FC007E1206 /* ofxRGBDVideoDepthSequence.cpp in Sources */,
				A60F753E14772397007E1206 /* tinyxml.cpp in Sources */,
				A60F753F14772397007E1206 /* tinyxmlerror.cpp in Sources */,
				A60F754014772397007E1206 /* tinyxmlparser.cpp in Sources */,
				A60F754114772397007E1206 /* ofxXmlSettings.cpp in Sources */,
				E704A2CA147AACF9002064D0 /* ofxGameCamera.cpp in Sources */,
				A6477C7A149D679300908B2B /* ofxRGBDRenderer.cpp in Sources */,
				E73BE0B314A3B784004FE0E5 /* ofxDepthImageCompressor.cpp in Sources */,
				A6ECC6BD15300A820009D0D9 /* ofxDepthHoleFiller.cpp in Sources */,
				E738E8EE153C735400BDA0F3 /* ofxDepthImageSequence.cpp in Sources */,
				E77C753215790ACA0016FA54 /* ofxRGBDScene.cpp in Sources */,
				E77C754215798B9B0016FA54 /* ofxBaseGui.cpp in Sources */,
				E77C754315798B9B0016FA54 /* ofxButton.cpp in Sources */,
				E77C754415798B9B0016FA54 /* ofxPanel.cpp in Sources */,
				E77C754515798B9B0016FA54 /* ofxSlider.cpp in Sources */,
				E77C754615798B9B0016FA54 /* ofxToggle.cpp in Sources */,
				E77796E81582F6550041CEAF /* ofxRGBDPlayer.cpp in Sources */,
				A6A4DC4E158A6BC200EC8AF3 /* ofxRGBDMeshBuilder.cpp in Sources */,
			);
			runOnlyForDeploymentPostprocessing = 0;
		};
/* End PBXSourcesBuildPhase section */

/* Begin PBXTargetDependency section */
		E4EEB9AC138B136A00A80321 /* PBXTargetDependency */ = {
			isa = PBXTargetDependency;
			name = openFrameworks;
			targetProxy = E4EEB9AB138B136A00A80321 /* PBXContainerItemProxy */;
		};
/* End PBXTargetDependency section */

/* Begin XCBuildConfiguration section */
		E4B69B4E0A3A1720003C02F2 /* Debug */ = {
			isa = XCBuildConfiguration;
			baseConfigurationReference = E4EB6923138AFD0F00A09F29 /* Project.xcconfig */;
			buildSettings = {
				ARCHS = "$(ARCHS_STANDARD_32_BIT)";
				CONFIGURATION_BUILD_DIR = "$(SRCROOT)/bin/";
				COPY_PHASE_STRIP = NO;
				DEAD_CODE_STRIPPING = YES;
				GCC_AUTO_VECTORIZATION = YES;
				GCC_ENABLE_SSE3_EXTENSIONS = YES;
				GCC_ENABLE_SUPPLEMENTAL_SSE3_INSTRUCTIONS = YES;
				GCC_INLINES_ARE_PRIVATE_EXTERN = NO;
				GCC_MODEL_TUNING = G5;
				GCC_SYMBOLS_PRIVATE_EXTERN = NO;
				GCC_VERSION = com.apple.compilers.llvmgcc42;
				GCC_WARN_ABOUT_DEPRECATED_FUNCTIONS = NO;
				GCC_WARN_ABOUT_INVALID_OFFSETOF_MACRO = NO;
				GCC_WARN_ALLOW_INCOMPLETE_PROTOCOL = NO;
				GCC_WARN_UNINITIALIZED_AUTOS = NO;
				GCC_WARN_UNUSED_VALUE = NO;
				GCC_WARN_UNUSED_VARIABLE = NO;
				ONLY_ACTIVE_ARCH = YES;
				OTHER_CPLUSPLUSFLAGS = (
					"-D__MACOSX_CORE__",
					"-lpthread",
				);
				SDKROOT = macosx;
			};
			name = Debug;
		};
		E4B69B4F0A3A1720003C02F2 /* Release */ = {
			isa = XCBuildConfiguration;
			baseConfigurationReference = E4EB6923138AFD0F00A09F29 /* Project.xcconfig */;
			buildSettings = {
				ARCHS = "$(ARCHS_STANDARD_32_BIT)";
				CONFIGURATION_BUILD_DIR = "$(SRCROOT)/bin/";
				COPY_PHASE_STRIP = YES;
				DEAD_CODE_STRIPPING = YES;
				GCC_AUTO_VECTORIZATION = YES;
				GCC_ENABLE_SSE3_EXTENSIONS = YES;
				GCC_ENABLE_SUPPLEMENTAL_SSE3_INSTRUCTIONS = YES;
				GCC_INLINES_ARE_PRIVATE_EXTERN = NO;
				GCC_MODEL_TUNING = G5;
				GCC_OPTIMIZATION_LEVEL = 3;
				GCC_SYMBOLS_PRIVATE_EXTERN = NO;
				GCC_UNROLL_LOOPS = YES;
				GCC_VERSION = com.apple.compilers.llvmgcc42;
				GCC_WARN_ABOUT_DEPRECATED_FUNCTIONS = NO;
				GCC_WARN_ABOUT_INVALID_OFFSETOF_MACRO = NO;
				GCC_WARN_ALLOW_INCOMPLETE_PROTOCOL = NO;
				GCC_WARN_UNINITIALIZED_AUTOS = NO;
				GCC_WARN_UNUSED_VALUE = NO;
				GCC_WARN_UNUSED_VARIABLE = NO;
				OTHER_CPLUSPLUSFLAGS = (
					"-D__MACOSX_CORE__",
					"-lpthread",
				);
				SDKROOT = macosx;
			};
			name = Release;
		};
		E4B69B600A3A1757003C02F2 /* Debug */ = {
			isa = XCBuildConfiguration;
			buildSettings = {
				COPY_PHASE_STRIP = NO;
				FRAMEWORK_SEARCH_PATHS = (
					"$(inherited)",
					"$(FRAMEWORK_SEARCH_PATHS_QUOTED_FOR_TARGET_1)",
				);
				FRAMEWORK_SEARCH_PATHS_QUOTED_FOR_TARGET_1 = "\"$(SRCROOT)/../../../libs/glut/lib/osx\"";
				GCC_DYNAMIC_NO_PIC = NO;
				GCC_GENERATE_DEBUGGING_SYMBOLS = YES;
				GCC_MODEL_TUNING = G4;
				GCC_PRECOMPILE_PREFIX_HEADER = YES;
				GCC_PREFIX_HEADER = "$(SYSTEM_LIBRARY_DIR)/Frameworks/Carbon.framework/Headers/Carbon.h";
				GCC_VERSION = com.apple.compilers.llvm.clang.1_0;
				INFOPLIST_FILE = "openFrameworks-Info.plist";
				INSTALL_PATH = "$(HOME)/Applications";
				LIBRARY_SEARCH_PATHS = (
					"$(inherited)",
					"$(LIBRARY_SEARCH_PATHS_QUOTED_FOR_TARGET_1)",
					"$(LIBRARY_SEARCH_PATHS_QUOTED_FOR_TARGET_2)",
					"$(LIBRARY_SEARCH_PATHS_QUOTED_FOR_TARGET_3)",
					"$(LIBRARY_SEARCH_PATHS_QUOTED_FOR_TARGET_4)",
					"$(LIBRARY_SEARCH_PATHS_QUOTED_FOR_TARGET_5)",
					"$(LIBRARY_SEARCH_PATHS_QUOTED_FOR_TARGET_6)",
					"$(LIBRARY_SEARCH_PATHS_QUOTED_FOR_TARGET_7)",
					"$(LIBRARY_SEARCH_PATHS_QUOTED_FOR_TARGET_8)",
					"$(LIBRARY_SEARCH_PATHS_QUOTED_FOR_TARGET_9)",
					"$(LIBRARY_SEARCH_PATHS_QUOTED_FOR_TARGET_10)",
					"$(LIBRARY_SEARCH_PATHS_QUOTED_FOR_TARGET_11)",
					"$(LIBRARY_SEARCH_PATHS_QUOTED_FOR_TARGET_12)",
					"$(LIBRARY_SEARCH_PATHS_QUOTED_FOR_TARGET_13)",
					"$(LIBRARY_SEARCH_PATHS_QUOTED_FOR_TARGET_14)",
					"$(LIBRARY_SEARCH_PATHS_QUOTED_FOR_TARGET_15)",
					"$(LIBRARY_SEARCH_PATHS_QUOTED_FOR_TARGET_2)",
					"$(LIBRARY_SEARCH_PATHS_QUOTED_FOR_TARGET_3)",
					"$(LIBRARY_SEARCH_PATHS_QUOTED_FOR_TARGET_7)",
					"$(LIBRARY_SEARCH_PATHS_QUOTED_FOR_TARGET_8)",
					"$(LIBRARY_SEARCH_PATHS_QUOTED_FOR_TARGET_9)",
					"$(LIBRARY_SEARCH_PATHS_QUOTED_FOR_TARGET_10)",
					"$(LIBRARY_SEARCH_PATHS_QUOTED_FOR_TARGET_11)",
					"$(LIBRARY_SEARCH_PATHS_QUOTED_FOR_TARGET_12)",
					"$(LIBRARY_SEARCH_PATHS_QUOTED_FOR_TARGET_13)",
					"$(LIBRARY_SEARCH_PATHS_QUOTED_FOR_TARGET_16)",
					"$(LIBRARY_SEARCH_PATHS_QUOTED_FOR_TARGET_17)",
					"$(LIBRARY_SEARCH_PATHS_QUOTED_FOR_TARGET_18)",
					"$(LIBRARY_SEARCH_PATHS_QUOTED_FOR_TARGET_19)",
					"$(LIBRARY_SEARCH_PATHS_QUOTED_FOR_TARGET_20)",
					"$(LIBRARY_SEARCH_PATHS_QUOTED_FOR_TARGET_21)",
					"$(LIBRARY_SEARCH_PATHS_QUOTED_FOR_TARGET_22)",
					"$(LIBRARY_SEARCH_PATHS_QUOTED_FOR_TARGET_23)",
					"$(LIBRARY_SEARCH_PATHS_QUOTED_FOR_TARGET_24)",
					"$(LIBRARY_SEARCH_PATHS_QUOTED_FOR_TARGET_25)",
					"$(LIBRARY_SEARCH_PATHS_QUOTED_FOR_TARGET_26)",
					"$(LIBRARY_SEARCH_PATHS_QUOTED_FOR_TARGET_27)",
					"$(LIBRARY_SEARCH_PATHS_QUOTED_FOR_TARGET_28)",
					"$(LIBRARY_SEARCH_PATHS_QUOTED_FOR_TARGET_29)",
					"$(LIBRARY_SEARCH_PATHS_QUOTED_FOR_TARGET_30)",
					"$(LIBRARY_SEARCH_PATHS_QUOTED_FOR_TARGET_31)",
					"$(LIBRARY_SEARCH_PATHS_QUOTED_FOR_TARGET_32)",
					"$(LIBRARY_SEARCH_PATHS_QUOTED_FOR_TARGET_33)",
					"$(LIBRARY_SEARCH_PATHS_QUOTED_FOR_TARGET_34)",
					"$(LIBRARY_SEARCH_PATHS_QUOTED_FOR_TARGET_35)",
					"$(LIBRARY_SEARCH_PATHS_QUOTED_FOR_TARGET_36)",
					"$(LIBRARY_SEARCH_PATHS_QUOTED_FOR_TARGET_37)",
					"$(LIBRARY_SEARCH_PATHS_QUOTED_FOR_TARGET_38)",
					"$(LIBRARY_SEARCH_PATHS_QUOTED_FOR_TARGET_39)",
					"$(LIBRARY_SEARCH_PATHS_QUOTED_FOR_TARGET_40)",
					"$(LIBRARY_SEARCH_PATHS_QUOTED_FOR_TARGET_41)",
					"$(LIBRARY_SEARCH_PATHS_QUOTED_FOR_TARGET_42)",
					"$(LIBRARY_SEARCH_PATHS_QUOTED_FOR_TARGET_43)",
					"$(LIBRARY_SEARCH_PATHS_QUOTED_FOR_TARGET_44)",
					"$(LIBRARY_SEARCH_PATHS_QUOTED_FOR_TARGET_45)",
					"$(LIBRARY_SEARCH_PATHS_QUOTED_FOR_TARGET_46)",
					"$(LIBRARY_SEARCH_PATHS_QUOTED_FOR_TARGET_47)",
					"$(LIBRARY_SEARCH_PATHS_QUOTED_FOR_TARGET_48)",
					"$(LIBRARY_SEARCH_PATHS_QUOTED_FOR_TARGET_49)",
					"$(LIBRARY_SEARCH_PATHS_QUOTED_FOR_TARGET_50)",
					"$(LIBRARY_SEARCH_PATHS_QUOTED_FOR_TARGET_51)",
					"$(LIBRARY_SEARCH_PATHS_QUOTED_FOR_TARGET_52)",
					"$(LIBRARY_SEARCH_PATHS_QUOTED_FOR_TARGET_1)",
					"$(LIBRARY_SEARCH_PATHS_QUOTED_FOR_TARGET_2)",
					"$(LIBRARY_SEARCH_PATHS_QUOTED_FOR_TARGET_3)",
				);
				LIBRARY_SEARCH_PATHS_QUOTED_FOR_TARGET_1 = "\"$(SRCROOT)/../../../addons/ofxOpenCv/libs/opencv/lib/osx\"";
				LIBRARY_SEARCH_PATHS_QUOTED_FOR_TARGET_2 = "\"$(SRCROOT)/../../../addons/ofxOpenCv/libs/opencv/lib/osx\"";
				LIBRARY_SEARCH_PATHS_QUOTED_FOR_TARGET_3 = "\"$(SRCROOT)/../../../addons/ofxOpenCv/libs/opencv/lib/osx\"";
				PRODUCT_NAME = "example-meshBuilderDebug";
				SDKROOT = "$(DEVELOPER_SDK_DIR)/MacOSX10.6.sdk";
				VALID_ARCHS = i386;
				WRAPPER_EXTENSION = app;
			};
			name = Debug;
		};
		E4B69B610A3A1757003C02F2 /* Release */ = {
			isa = XCBuildConfiguration;
			buildSettings = {
				COPY_PHASE_STRIP = YES;
				FRAMEWORK_SEARCH_PATHS = (
					"$(inherited)",
					"$(FRAMEWORK_SEARCH_PATHS_QUOTED_FOR_TARGET_1)",
				);
				FRAMEWORK_SEARCH_PATHS_QUOTED_FOR_TARGET_1 = "\"$(SRCROOT)/../../../libs/glut/lib/osx\"";
				GCC_GENERATE_DEBUGGING_SYMBOLS = NO;
				GCC_MODEL_TUNING = G4;
				GCC_PRECOMPILE_PREFIX_HEADER = YES;
				GCC_PREFIX_HEADER = "$(SYSTEM_LIBRARY_DIR)/Frameworks/Carbon.framework/Headers/Carbon.h";
				GCC_VERSION = com.apple.compilers.llvm.clang.1_0;
				INFOPLIST_FILE = "openFrameworks-Info.plist";
				INSTALL_PATH = "$(HOME)/Applications";
				LIBRARY_SEARCH_PATHS = (
					"$(inherited)",
					"$(LIBRARY_SEARCH_PATHS_QUOTED_FOR_TARGET_1)",
					"$(LIBRARY_SEARCH_PATHS_QUOTED_FOR_TARGET_2)",
					"$(LIBRARY_SEARCH_PATHS_QUOTED_FOR_TARGET_3)",
					"$(LIBRARY_SEARCH_PATHS_QUOTED_FOR_TARGET_4)",
					"$(LIBRARY_SEARCH_PATHS_QUOTED_FOR_TARGET_5)",
					"$(LIBRARY_SEARCH_PATHS_QUOTED_FOR_TARGET_6)",
					"$(LIBRARY_SEARCH_PATHS_QUOTED_FOR_TARGET_7)",
					"$(LIBRARY_SEARCH_PATHS_QUOTED_FOR_TARGET_8)",
					"$(LIBRARY_SEARCH_PATHS_QUOTED_FOR_TARGET_9)",
					"$(LIBRARY_SEARCH_PATHS_QUOTED_FOR_TARGET_10)",
					"$(LIBRARY_SEARCH_PATHS_QUOTED_FOR_TARGET_11)",
					"$(LIBRARY_SEARCH_PATHS_QUOTED_FOR_TARGET_12)",
					"$(LIBRARY_SEARCH_PATHS_QUOTED_FOR_TARGET_13)",
					"$(LIBRARY_SEARCH_PATHS_QUOTED_FOR_TARGET_14)",
					"$(LIBRARY_SEARCH_PATHS_QUOTED_FOR_TARGET_15)",
					"$(LIBRARY_SEARCH_PATHS_QUOTED_FOR_TARGET_2)",
					"$(LIBRARY_SEARCH_PATHS_QUOTED_1)",
					"$(LIBRARY_SEARCH_PATHS_QUOTED_FOR_TARGET_3)",
					"$(LIBRARY_SEARCH_PATHS_QUOTED_FOR_TARGET_7)",
					"$(LIBRARY_SEARCH_PATHS_QUOTED_FOR_TARGET_8)",
					"$(LIBRARY_SEARCH_PATHS_QUOTED_FOR_TARGET_9)",
					"$(LIBRARY_SEARCH_PATHS_QUOTED_FOR_TARGET_10)",
					"$(LIBRARY_SEARCH_PATHS_QUOTED_FOR_TARGET_11)",
					"$(LIBRARY_SEARCH_PATHS_QUOTED_FOR_TARGET_12)",
					"$(LIBRARY_SEARCH_PATHS_QUOTED_FOR_TARGET_13)",
					"$(LIBRARY_SEARCH_PATHS_QUOTED_FOR_TARGET_16)",
					"$(LIBRARY_SEARCH_PATHS_QUOTED_FOR_TARGET_17)",
					"$(LIBRARY_SEARCH_PATHS_QUOTED_FOR_TARGET_18)",
					"$(LIBRARY_SEARCH_PATHS_QUOTED_FOR_TARGET_19)",
					"$(LIBRARY_SEARCH_PATHS_QUOTED_FOR_TARGET_20)",
					"$(LIBRARY_SEARCH_PATHS_QUOTED_FOR_TARGET_21)",
					"$(LIBRARY_SEARCH_PATHS_QUOTED_FOR_TARGET_22)",
					"$(LIBRARY_SEARCH_PATHS_QUOTED_FOR_TARGET_23)",
					"$(LIBRARY_SEARCH_PATHS_QUOTED_FOR_TARGET_24)",
					"$(LIBRARY_SEARCH_PATHS_QUOTED_FOR_TARGET_25)",
					"$(LIBRARY_SEARCH_PATHS_QUOTED_FOR_TARGET_26)",
					"$(LIBRARY_SEARCH_PATHS_QUOTED_FOR_TARGET_27)",
					"$(LIBRARY_SEARCH_PATHS_QUOTED_FOR_TARGET_28)",
					"$(LIBRARY_SEARCH_PATHS_QUOTED_FOR_TARGET_29)",
					"$(LIBRARY_SEARCH_PATHS_QUOTED_FOR_TARGET_30)",
					"$(LIBRARY_SEARCH_PATHS_QUOTED_FOR_TARGET_31)",
					"$(LIBRARY_SEARCH_PATHS_QUOTED_FOR_TARGET_32)",
					"$(LIBRARY_SEARCH_PATHS_QUOTED_FOR_TARGET_33)",
					"$(LIBRARY_SEARCH_PATHS_QUOTED_FOR_TARGET_34)",
					"$(LIBRARY_SEARCH_PATHS_QUOTED_FOR_TARGET_35)",
					"$(LIBRARY_SEARCH_PATHS_QUOTED_FOR_TARGET_36)",
					"$(LIBRARY_SEARCH_PATHS_QUOTED_FOR_TARGET_37)",
					"$(LIBRARY_SEARCH_PATHS_QUOTED_FOR_TARGET_38)",
					"$(LIBRARY_SEARCH_PATHS_QUOTED_FOR_TARGET_39)",
					"$(LIBRARY_SEARCH_PATHS_QUOTED_FOR_TARGET_40)",
					"$(LIBRARY_SEARCH_PATHS_QUOTED_FOR_TARGET_41)",
					"$(LIBRARY_SEARCH_PATHS_QUOTED_FOR_TARGET_42)",
					"$(LIBRARY_SEARCH_PATHS_QUOTED_FOR_TARGET_43)",
					"$(LIBRARY_SEARCH_PATHS_QUOTED_FOR_TARGET_44)",
					"$(LIBRARY_SEARCH_PATHS_QUOTED_FOR_TARGET_45)",
					"$(LIBRARY_SEARCH_PATHS_QUOTED_FOR_TARGET_46)",
					"$(LIBRARY_SEARCH_PATHS_QUOTED_FOR_TARGET_47)",
					"$(LIBRARY_SEARCH_PATHS_QUOTED_FOR_TARGET_48)",
					"$(LIBRARY_SEARCH_PATHS_QUOTED_FOR_TARGET_49)",
					"$(LIBRARY_SEARCH_PATHS_QUOTED_FOR_TARGET_50)",
					"$(LIBRARY_SEARCH_PATHS_QUOTED_FOR_TARGET_51)",
					"$(LIBRARY_SEARCH_PATHS_QUOTED_1)",
					"$(LIBRARY_SEARCH_PATHS_QUOTED_FOR_TARGET_1)",
					"$(LIBRARY_SEARCH_PATHS_QUOTED_FOR_TARGET_2)",
				);
				LIBRARY_SEARCH_PATHS_QUOTED_1 = "\"$(SRCROOT)/../../../addons/ofxOpenCv/libs/opencv/lib/osx\"";
				LIBRARY_SEARCH_PATHS_QUOTED_FOR_TARGET_1 = "\"$(SRCROOT)/../../../addons/ofxOpenCv/libs/opencv/lib/osx\"";
				LIBRARY_SEARCH_PATHS_QUOTED_FOR_TARGET_2 = "\"$(SRCROOT)/../../../addons/ofxOpenCv/libs/opencv/lib/osx\"";
				PRODUCT_NAME = "example-meshBuilder";
				SDKROOT = "$(DEVELOPER_SDK_DIR)/MacOSX10.6.sdk";
				VALID_ARCHS = i386;
				WRAPPER_EXTENSION = app;
			};
			name = Release;
		};
/* End XCBuildConfiguration section */

/* Begin XCConfigurationList section */
		E4B69B4D0A3A1720003C02F2 /* Build configuration list for PBXProject "example-meshBuilder" */ = {
			isa = XCConfigurationList;
			buildConfigurations = (
				E4B69B4E0A3A1720003C02F2 /* Debug */,
				E4B69B4F0A3A1720003C02F2 /* Release */,
			);
			defaultConfigurationIsVisible = 0;
			defaultConfigurationName = Release;
		};
		E4B69B5F0A3A1757003C02F2 /* Build configuration list for PBXNativeTarget "example-meshBuilder" */ = {
			isa = XCConfigurationList;
			buildConfigurations = (
				E4B69B600A3A1757003C02F2 /* Debug */,
				E4B69B610A3A1757003C02F2 /* Release */,
			);
			defaultConfigurationIsVisible = 0;
			defaultConfigurationName = Release;
		};
/* End XCConfigurationList section */
	};
	rootObject = E4B69B4C0A3A1720003C02F2 /* Project object */;
}
